
Microsoft Visual Studio Solution File, Format Version 12.00
# Visual Studio Version 16
VisualStudioVersion = 25.0.1703.8
MinimumVisualStudioVersion = 10.0.40219.1
Project("{FAE04EC0-301F-11D3-BF4B-00C04F79EFBC}") = "timezonedb.Android", "timezonedb\timezonedb.Android\timezonedb.Android.csproj", "{B4718A38-509E-46BD-A783-6E62ED02C867}"
EndProject
Project("{FAE04EC0-301F-11D3-BF4B-00C04F79EFBC}") = "timezonedb.iOS", "timezonedb\timezonedb.iOS\timezonedb.iOS.csproj", "{A7C8CB59-701C-43C1-BDBF-C35613071EA2}"
EndProject
Project("{FAE04EC0-301F-11D3-BF4B-00C04F79EFBC}") = "timezonedb", "timezonedb\timezonedb\timezonedb.csproj", "{C13AB032-1267-4E01-9746-0707EF41D4F5}"
EndProject
Global
	GlobalSection(SolutionConfigurationPlatforms) = preSolution
		Debug|Any CPU = Debug|Any CPU
		Release|Any CPU = Release|Any CPU
		Debug|iPhoneSimulator = Debug|iPhoneSimulator
		Release|iPhoneSimulator = Release|iPhoneSimulator
		Debug|iPhone = Debug|iPhone
		Release|iPhone = Release|iPhone
	EndGlobalSection
	GlobalSection(ProjectConfigurationPlatforms) = postSolution
		{B4718A38-509E-46BD-A783-6E62ED02C867}.Debug|Any CPU.ActiveCfg = Debug|Any CPU
		{B4718A38-509E-46BD-A783-6E62ED02C867}.Debug|Any CPU.Build.0 = Debug|Any CPU
		{B4718A38-509E-46BD-A783-6E62ED02C867}.Release|Any CPU.ActiveCfg = Release|Any CPU
		{B4718A38-509E-46BD-A783-6E62ED02C867}.Release|Any CPU.Build.0 = Release|Any CPU
		{B4718A38-509E-46BD-A783-6E62ED02C867}.Debug|iPhoneSimulator.ActiveCfg = Debug|Any CPU
		{B4718A38-509E-46BD-A783-6E62ED02C867}.Debug|iPhoneSimulator.Build.0 = Debug|Any CPU
		{B4718A38-509E-46BD-A783-6E62ED02C867}.Release|iPhoneSimulator.ActiveCfg = Release|Any CPU
		{B4718A38-509E-46BD-A783-6E62ED02C867}.Release|iPhoneSimulator.Build.0 = Release|Any CPU
		{B4718A38-509E-46BD-A783-6E62ED02C867}.Debug|iPhone.ActiveCfg = Debug|Any CPU
		{B4718A38-509E-46BD-A783-6E62ED02C867}.Debug|iPhone.Build.0 = Debug|Any CPU
		{B4718A38-509E-46BD-A783-6E62ED02C867}.Release|iPhone.ActiveCfg = Release|Any CPU
		{B4718A38-509E-46BD-A783-6E62ED02C867}.Release|iPhone.Build.0 = Release|Any CPU
		{A7C8CB59-701C-43C1-BDBF-C35613071EA2}.Debug|Any CPU.ActiveCfg = Debug|iPhoneSimulator
		{A7C8CB59-701C-43C1-BDBF-C35613071EA2}.Debug|Any CPU.Build.0 = Debug|iPhoneSimulator
		{A7C8CB59-701C-43C1-BDBF-C35613071EA2}.Release|Any CPU.ActiveCfg = Release|iPhoneSimulator
		{A7C8CB59-701C-43C1-BDBF-C35613071EA2}.Release|Any CPU.Build.0 = Release|iPhoneSimulator
		{A7C8CB59-701C-43C1-BDBF-C35613071EA2}.Debug|iPhoneSimulator.ActiveCfg = Debug|iPhoneSimulator
		{A7C8CB59-701C-43C1-BDBF-C35613071EA2}.Debug|iPhoneSimulator.Build.0 = Debug|iPhoneSimulator
		{A7C8CB59-701C-43C1-BDBF-C35613071EA2}.Release|iPhoneSimulator.ActiveCfg = Release|iPhoneSimulator
		{A7C8CB59-701C-43C1-BDBF-C35613071EA2}.Release|iPhoneSimulator.Build.0 = Release|iPhoneSimulator
		{A7C8CB59-701C-43C1-BDBF-C35613071EA2}.Debug|iPhone.ActiveCfg = Debug|iPhone
		{A7C8CB59-701C-43C1-BDBF-C35613071EA2}.Debug|iPhone.Build.0 = Debug|iPhone
		{A7C8CB59-701C-43C1-BDBF-C35613071EA2}.Release|iPhone.ActiveCfg = Release|iPhone
		{A7C8CB59-701C-43C1-BDBF-C35613071EA2}.Release|iPhone.Build.0 = Release|iPhone
		{C13AB032-1267-4E01-9746-0707EF41D4F5}.Debug|Any CPU.ActiveCfg = Debug|Any CPU
		{C13AB032-1267-4E01-9746-0707EF41D4F5}.Debug|Any CPU.Build.0 = Debug|Any CPU
		{C13AB032-1267-4E01-9746-0707EF41D4F5}.Release|Any CPU.ActiveCfg = Release|Any CPU
		{C13AB032-1267-4E01-9746-0707EF41D4F5}.Release|Any CPU.Build.0 = Release|Any CPU
		{C13AB032-1267-4E01-9746-0707EF41D4F5}.Debug|iPhoneSimulator.ActiveCfg = Debug|Any CPU
		{C13AB032-1267-4E01-9746-0707EF41D4F5}.Debug|iPhoneSimulator.Build.0 = Debug|Any CPU
		{C13AB032-1267-4E01-9746-0707EF41D4F5}.Release|iPhoneSimulator.ActiveCfg = Release|Any CPU
		{C13AB032-1267-4E01-9746-0707EF41D4F5}.Release|iPhoneSimulator.Build.0 = Release|Any CPU
		{C13AB032-1267-4E01-9746-0707EF41D4F5}.Debug|iPhone.ActiveCfg = Debug|Any CPU
		{C13AB032-1267-4E01-9746-0707EF41D4F5}.Debug|iPhone.Build.0 = Debug|Any CPU
		{C13AB032-1267-4E01-9746-0707EF41D4F5}.Release|iPhone.ActiveCfg = Release|Any CPU
		{C13AB032-1267-4E01-9746-0707EF41D4F5}.Release|iPhone.Build.0 = Release|Any CPU
	EndGlobalSection
	GlobalSection(SolutionProperties) = preSolution
		HideSolutionNode = FALSE
	EndGlobalSection
	GlobalSection(ExtensibilityGlobals) = postSolution
		SolutionGuid = {CF7B19C3-A4A2-464E-820B-7F20D960FAE4}
	EndGlobalSection
EndGlobal
