
Microsoft Visual Studio Solution File, Format Version 12.00
# Visual Studio Version 16
VisualStudioVersion = 25.0.1703.1
MinimumVisualStudioVersion = 10.0.40219.1
Project("{FAE04EC0-301F-11D3-BF4B-00C04F79EFBC}") = "NumberProperties", "NumberProperties\NumberProperties.csproj", "{C8AA9587-B2B9-49CD-9624-E37D22723A55}"
EndProject
Project("{FAE04EC0-301F-11D3-BF4B-00C04F79EFBC}") = "Primes", "Primes\Primes.csproj", "{BC9081B7-85F2-4933-BF1A-AF8A79F831BB}"
EndProject
Project("{FAE04EC0-301F-11D3-BF4B-00C04F79EFBC}") = "Evens", "Evens\Evens.csproj", "{336F0B9E-C0DC-4DB4-B473-01E293E8D4D4}"
EndProject
Global
	GlobalSection(SolutionConfigurationPlatforms) = preSolution
		Debug|Any CPU = Debug|Any CPU
		Release|Any CPU = Release|Any CPU
	EndGlobalSection
	GlobalSection(ProjectConfigurationPlatforms) = postSolution
		{C8AA9587-B2B9-49CD-9624-E37D22723A55}.Debug|Any CPU.ActiveCfg = Debug|Any CPU
		{C8AA9587-B2B9-49CD-9624-E37D22723A55}.Debug|Any CPU.Build.0 = Debug|Any CPU
		{C8AA9587-B2B9-49CD-9624-E37D22723A55}.Release|Any CPU.ActiveCfg = Release|Any CPU
		{C8AA9587-B2B9-49CD-9624-E37D22723A55}.Release|Any CPU.Build.0 = Release|Any CPU
		{BC9081B7-85F2-4933-BF1A-AF8A79F831BB}.Debug|Any CPU.ActiveCfg = Debug|Any CPU
		{BC9081B7-85F2-4933-BF1A-AF8A79F831BB}.Debug|Any CPU.Build.0 = Debug|Any CPU
		{BC9081B7-85F2-4933-BF1A-AF8A79F831BB}.Release|Any CPU.ActiveCfg = Release|Any CPU
		{BC9081B7-85F2-4933-BF1A-AF8A79F831BB}.Release|Any CPU.Build.0 = Release|Any CPU
		{336F0B9E-C0DC-4DB4-B473-01E293E8D4D4}.Debug|Any CPU.ActiveCfg = Debug|Any CPU
		{336F0B9E-C0DC-4DB4-B473-01E293E8D4D4}.Debug|Any CPU.Build.0 = Debug|Any CPU
		{336F0B9E-C0DC-4DB4-B473-01E293E8D4D4}.Release|Any CPU.ActiveCfg = Release|Any CPU
		{336F0B9E-C0DC-4DB4-B473-01E293E8D4D4}.Release|Any CPU.Build.0 = Release|Any CPU
	EndGlobalSection
	GlobalSection(SolutionProperties) = preSolution
		HideSolutionNode = FALSE
	EndGlobalSection
	GlobalSection(ExtensibilityGlobals) = postSolution
		SolutionGuid = {C8AFF681-9B04-4A15-BE23-6AFF46FDAABB}
	EndGlobalSection
EndGlobal
