
Microsoft Visual Studio Solution File, Format Version 12.00
# Visual Studio Version 16
VisualStudioVersion = 16.0.29503.13
MinimumVisualStudioVersion = 10.0.40219.1
Project("{FAE04EC0-301F-11D3-BF4B-00C04F79EFBC}") = "TabbedAppDefault.UWP", "TabbedAppDefault\TabbedAppDefault.UWP\TabbedAppDefault.UWP.csproj", "{16853332-7170-4477-98C3-5091660F9126}"
EndProject
Project("{FAE04EC0-301F-11D3-BF4B-00C04F79EFBC}") = "TabbedAppDefault.Android", "TabbedAppDefault\TabbedAppDefault.Android\TabbedAppDefault.Android.csproj", "{347D7FE5-F914-4FD4-8273-72BF9C7DBE55}"
EndProject
Project("{FAE04EC0-301F-11D3-BF4B-00C04F79EFBC}") = "TabbedAppDefault.iOS", "TabbedAppDefault\TabbedAppDefault.iOS\TabbedAppDefault.iOS.csproj", "{B68415F9-1308-4DEB-9DE0-5BC7AE94EA97}"
EndProject
Project("{FAE04EC0-301F-11D3-BF4B-00C04F79EFBC}") = "TabbedAppDefault", "TabbedAppDefault\TabbedAppDefault\TabbedAppDefault.csproj", "{ACCE8762-276A-4945-BC25-AFE2F775E857}"
EndProject
Global
	GlobalSection(SolutionConfigurationPlatforms) = preSolution
		Debug|Any CPU = Debug|Any CPU
		Debug|ARM = Debug|ARM
		Debug|iPhone = Debug|iPhone
		Debug|iPhoneSimulator = Debug|iPhoneSimulator
		Debug|x64 = Debug|x64
		Debug|x86 = Debug|x86
		Release|Any CPU = Release|Any CPU
		Release|ARM = Release|ARM
		Release|iPhone = Release|iPhone
		Release|iPhoneSimulator = Release|iPhoneSimulator
		Release|x64 = Release|x64
		Release|x86 = Release|x86
	EndGlobalSection
	GlobalSection(ProjectConfigurationPlatforms) = postSolution
		{16853332-7170-4477-98C3-5091660F9126}.Debug|Any CPU.ActiveCfg = Debug|x86
		{16853332-7170-4477-98C3-5091660F9126}.Debug|Any CPU.Build.0 = Debug|x86
		{16853332-7170-4477-98C3-5091660F9126}.Debug|Any CPU.Deploy.0 = Debug|x86
		{16853332-7170-4477-98C3-5091660F9126}.Debug|ARM.ActiveCfg = Debug|ARM
		{16853332-7170-4477-98C3-5091660F9126}.Debug|ARM.Build.0 = Debug|ARM
		{16853332-7170-4477-98C3-5091660F9126}.Debug|ARM.Deploy.0 = Debug|ARM
		{16853332-7170-4477-98C3-5091660F9126}.Debug|iPhone.ActiveCfg = Debug|x86
		{16853332-7170-4477-98C3-5091660F9126}.Debug|iPhone.Build.0 = Debug|x86
		{16853332-7170-4477-98C3-5091660F9126}.Debug|iPhone.Deploy.0 = Debug|x86
		{16853332-7170-4477-98C3-5091660F9126}.Debug|iPhoneSimulator.ActiveCfg = Debug|x86
		{16853332-7170-4477-98C3-5091660F9126}.Debug|iPhoneSimulator.Build.0 = Debug|x86
		{16853332-7170-4477-98C3-5091660F9126}.Debug|iPhoneSimulator.Deploy.0 = Debug|x86
		{16853332-7170-4477-98C3-5091660F9126}.Debug|x64.ActiveCfg = Debug|x64
		{16853332-7170-4477-98C3-5091660F9126}.Debug|x64.Build.0 = Debug|x64
		{16853332-7170-4477-98C3-5091660F9126}.Debug|x64.Deploy.0 = Debug|x64
		{16853332-7170-4477-98C3-5091660F9126}.Debug|x86.ActiveCfg = Debug|x86
		{16853332-7170-4477-98C3-5091660F9126}.Debug|x86.Build.0 = Debug|x86
		{16853332-7170-4477-98C3-5091660F9126}.Debug|x86.Deploy.0 = Debug|x86
		{16853332-7170-4477-98C3-5091660F9126}.Release|Any CPU.ActiveCfg = Release|x86
		{16853332-7170-4477-98C3-5091660F9126}.Release|Any CPU.Build.0 = Release|x86
		{16853332-7170-4477-98C3-5091660F9126}.Release|Any CPU.Deploy.0 = Release|x86
		{16853332-7170-4477-98C3-5091660F9126}.Release|ARM.ActiveCfg = Release|ARM
		{16853332-7170-4477-98C3-5091660F9126}.Release|ARM.Build.0 = Release|ARM
		{16853332-7170-4477-98C3-5091660F9126}.Release|ARM.Deploy.0 = Release|ARM
		{16853332-7170-4477-98C3-5091660F9126}.Release|iPhone.ActiveCfg = Release|x86
		{16853332-7170-4477-98C3-5091660F9126}.Release|iPhone.Build.0 = Release|x86
		{16853332-7170-4477-98C3-5091660F9126}.Release|iPhone.Deploy.0 = Release|x86
		{16853332-7170-4477-98C3-5091660F9126}.Release|iPhoneSimulator.ActiveCfg = Release|x86
		{16853332-7170-4477-98C3-5091660F9126}.Release|iPhoneSimulator.Build.0 = Release|x86
		{16853332-7170-4477-98C3-5091660F9126}.Release|iPhoneSimulator.Deploy.0 = Release|x86
		{16853332-7170-4477-98C3-5091660F9126}.Release|x64.ActiveCfg = Release|x64
		{16853332-7170-4477-98C3-5091660F9126}.Release|x64.Build.0 = Release|x64
		{16853332-7170-4477-98C3-5091660F9126}.Release|x64.Deploy.0 = Release|x64
		{16853332-7170-4477-98C3-5091660F9126}.Release|x86.ActiveCfg = Release|x86
		{16853332-7170-4477-98C3-5091660F9126}.Release|x86.Build.0 = Release|x86
		{16853332-7170-4477-98C3-5091660F9126}.Release|x86.Deploy.0 = Release|x86
		{347D7FE5-F914-4FD4-8273-72BF9C7DBE55}.Debug|Any CPU.ActiveCfg = Debug|Any CPU
		{347D7FE5-F914-4FD4-8273-72BF9C7DBE55}.Debug|Any CPU.Build.0 = Debug|Any CPU
		{347D7FE5-F914-4FD4-8273-72BF9C7DBE55}.Debug|Any CPU.Deploy.0 = Debug|Any CPU
		{347D7FE5-F914-4FD4-8273-72BF9C7DBE55}.Debug|ARM.ActiveCfg = Debug|Any CPU
		{347D7FE5-F914-4FD4-8273-72BF9C7DBE55}.Debug|ARM.Build.0 = Debug|Any CPU
		{347D7FE5-F914-4FD4-8273-72BF9C7DBE55}.Debug|ARM.Deploy.0 = Debug|Any CPU
		{347D7FE5-F914-4FD4-8273-72BF9C7DBE55}.Debug|iPhone.ActiveCfg = Debug|Any CPU
		{347D7FE5-F914-4FD4-8273-72BF9C7DBE55}.Debug|iPhone.Build.0 = Debug|Any CPU
		{347D7FE5-F914-4FD4-8273-72BF9C7DBE55}.Debug|iPhone.Deploy.0 = Debug|Any CPU
		{347D7FE5-F914-4FD4-8273-72BF9C7DBE55}.Debug|iPhoneSimulator.ActiveCfg = Debug|Any CPU
		{347D7FE5-F914-4FD4-8273-72BF9C7DBE55}.Debug|iPhoneSimulator.Build.0 = Debug|Any CPU
		{347D7FE5-F914-4FD4-8273-72BF9C7DBE55}.Debug|iPhoneSimulator.Deploy.0 = Debug|Any CPU
		{347D7FE5-F914-4FD4-8273-72BF9C7DBE55}.Debug|x64.ActiveCfg = Debug|Any CPU
		{347D7FE5-F914-4FD4-8273-72BF9C7DBE55}.Debug|x64.Build.0 = Debug|Any CPU
		{347D7FE5-F914-4FD4-8273-72BF9C7DBE55}.Debug|x64.Deploy.0 = Debug|Any CPU
		{347D7FE5-F914-4FD4-8273-72BF9C7DBE55}.Debug|x86.ActiveCfg = Debug|Any CPU
		{347D7FE5-F914-4FD4-8273-72BF9C7DBE55}.Debug|x86.Build.0 = Debug|Any CPU
		{347D7FE5-F914-4FD4-8273-72BF9C7DBE55}.Debug|x86.Deploy.0 = Debug|Any CPU
		{347D7FE5-F914-4FD4-8273-72BF9C7DBE55}.Release|Any CPU.ActiveCfg = Release|Any CPU
		{347D7FE5-F914-4FD4-8273-72BF9C7DBE55}.Release|Any CPU.Build.0 = Release|Any CPU
		{347D7FE5-F914-4FD4-8273-72BF9C7DBE55}.Release|Any CPU.Deploy.0 = Release|Any CPU
		{347D7FE5-F914-4FD4-8273-72BF9C7DBE55}.Release|ARM.ActiveCfg = Release|Any CPU
		{347D7FE5-F914-4FD4-8273-72BF9C7DBE55}.Release|ARM.Build.0 = Release|Any CPU
		{347D7FE5-F914-4FD4-8273-72BF9C7DBE55}.Release|ARM.Deploy.0 = Release|Any CPU
		{347D7FE5-F914-4FD4-8273-72BF9C7DBE55}.Release|iPhone.ActiveCfg = Release|Any CPU
		{347D7FE5-F914-4FD4-8273-72BF9C7DBE55}.Release|iPhone.Build.0 = Release|Any CPU
		{347D7FE5-F914-4FD4-8273-72BF9C7DBE55}.Release|iPhone.Deploy.0 = Release|Any CPU
		{347D7FE5-F914-4FD4-8273-72BF9C7DBE55}.Release|iPhoneSimulator.ActiveCfg = Release|Any CPU
		{347D7FE5-F914-4FD4-8273-72BF9C7DBE55}.Release|iPhoneSimulator.Build.0 = Release|Any CPU
		{347D7FE5-F914-4FD4-8273-72BF9C7DBE55}.Release|iPhoneSimulator.Deploy.0 = Release|Any CPU
		{347D7FE5-F914-4FD4-8273-72BF9C7DBE55}.Release|x64.ActiveCfg = Release|Any CPU
		{347D7FE5-F914-4FD4-8273-72BF9C7DBE55}.Release|x64.Build.0 = Release|Any CPU
		{347D7FE5-F914-4FD4-8273-72BF9C7DBE55}.Release|x64.Deploy.0 = Release|Any CPU
		{347D7FE5-F914-4FD4-8273-72BF9C7DBE55}.Release|x86.ActiveCfg = Release|Any CPU
		{347D7FE5-F914-4FD4-8273-72BF9C7DBE55}.Release|x86.Build.0 = Release|Any CPU
		{347D7FE5-F914-4FD4-8273-72BF9C7DBE55}.Release|x86.Deploy.0 = Release|Any CPU
		{B68415F9-1308-4DEB-9DE0-5BC7AE94EA97}.Debug|Any CPU.ActiveCfg = Debug|iPhone
		{B68415F9-1308-4DEB-9DE0-5BC7AE94EA97}.Debug|Any CPU.Build.0 = Debug|iPhone
		{B68415F9-1308-4DEB-9DE0-5BC7AE94EA97}.Debug|Any CPU.Deploy.0 = Debug|iPhone
		{B68415F9-1308-4DEB-9DE0-5BC7AE94EA97}.Debug|ARM.ActiveCfg = Debug|iPhoneSimulator
		{B68415F9-1308-4DEB-9DE0-5BC7AE94EA97}.Debug|ARM.Build.0 = Debug|iPhoneSimulator
		{B68415F9-1308-4DEB-9DE0-5BC7AE94EA97}.Debug|ARM.Deploy.0 = Debug|iPhoneSimulator
		{B68415F9-1308-4DEB-9DE0-5BC7AE94EA97}.Debug|iPhone.ActiveCfg = Debug|iPhone
		{B68415F9-1308-4DEB-9DE0-5BC7AE94EA97}.Debug|iPhone.Build.0 = Debug|iPhone
		{B68415F9-1308-4DEB-9DE0-5BC7AE94EA97}.Debug|iPhone.Deploy.0 = Debug|iPhone
		{B68415F9-1308-4DEB-9DE0-5BC7AE94EA97}.Debug|iPhoneSimulator.ActiveCfg = Debug|iPhoneSimulator
		{B68415F9-1308-4DEB-9DE0-5BC7AE94EA97}.Debug|iPhoneSimulator.Build.0 = Debug|iPhoneSimulator
		{B68415F9-1308-4DEB-9DE0-5BC7AE94EA97}.Debug|iPhoneSimulator.Deploy.0 = Debug|iPhoneSimulator
		{B68415F9-1308-4DEB-9DE0-5BC7AE94EA97}.Debug|x64.ActiveCfg = Debug|iPhone
		{B68415F9-1308-4DEB-9DE0-5BC7AE94EA97}.Debug|x64.Build.0 = Debug|iPhone
		{B68415F9-1308-4DEB-9DE0-5BC7AE94EA97}.Debug|x64.Deploy.0 = Debug|iPhone
		{B68415F9-1308-4DEB-9DE0-5BC7AE94EA97}.Debug|x86.ActiveCfg = Debug|iPhone
		{B68415F9-1308-4DEB-9DE0-5BC7AE94EA97}.Debug|x86.Build.0 = Debug|iPhone
		{B68415F9-1308-4DEB-9DE0-5BC7AE94EA97}.Debug|x86.Deploy.0 = Debug|iPhone
		{B68415F9-1308-4DEB-9DE0-5BC7AE94EA97}.Release|Any CPU.ActiveCfg = Release|iPhone
		{B68415F9-1308-4DEB-9DE0-5BC7AE94EA97}.Release|Any CPU.Build.0 = Release|iPhone
		{B68415F9-1308-4DEB-9DE0-5BC7AE94EA97}.Release|Any CPU.Deploy.0 = Release|iPhone
		{B68415F9-1308-4DEB-9DE0-5BC7AE94EA97}.Release|ARM.ActiveCfg = Release|iPhone
		{B68415F9-1308-4DEB-9DE0-5BC7AE94EA97}.Release|ARM.Build.0 = Release|iPhone
		{B68415F9-1308-4DEB-9DE0-5BC7AE94EA97}.Release|ARM.Deploy.0 = Release|iPhone
		{B68415F9-1308-4DEB-9DE0-5BC7AE94EA97}.Release|iPhone.ActiveCfg = Release|iPhone
		{B68415F9-1308-4DEB-9DE0-5BC7AE94EA97}.Release|iPhone.Build.0 = Release|iPhone
		{B68415F9-1308-4DEB-9DE0-5BC7AE94EA97}.Release|iPhone.Deploy.0 = Release|iPhone
		{B68415F9-1308-4DEB-9DE0-5BC7AE94EA97}.Release|iPhoneSimulator.ActiveCfg = Release|iPhoneSimulator
		{B68415F9-1308-4DEB-9DE0-5BC7AE94EA97}.Release|iPhoneSimulator.Build.0 = Release|iPhoneSimulator
		{B68415F9-1308-4DEB-9DE0-5BC7AE94EA97}.Release|iPhoneSimulator.Deploy.0 = Release|iPhoneSimulator
		{B68415F9-1308-4DEB-9DE0-5BC7AE94EA97}.Release|x64.ActiveCfg = Release|iPhone
		{B68415F9-1308-4DEB-9DE0-5BC7AE94EA97}.Release|x64.Build.0 = Release|iPhone
		{B68415F9-1308-4DEB-9DE0-5BC7AE94EA97}.Release|x64.Deploy.0 = Release|iPhone
		{B68415F9-1308-4DEB-9DE0-5BC7AE94EA97}.Release|x86.ActiveCfg = Release|iPhone
		{B68415F9-1308-4DEB-9DE0-5BC7AE94EA97}.Release|x86.Build.0 = Release|iPhone
		{B68415F9-1308-4DEB-9DE0-5BC7AE94EA97}.Release|x86.Deploy.0 = Release|iPhone
		{ACCE8762-276A-4945-BC25-AFE2F775E857}.Debug|Any CPU.ActiveCfg = Debug|Any CPU
		{ACCE8762-276A-4945-BC25-AFE2F775E857}.Debug|Any CPU.Build.0 = Debug|Any CPU
		{ACCE8762-276A-4945-BC25-AFE2F775E857}.Debug|Any CPU.Deploy.0 = Debug|Any CPU
		{ACCE8762-276A-4945-BC25-AFE2F775E857}.Debug|ARM.ActiveCfg = Debug|Any CPU
		{ACCE8762-276A-4945-BC25-AFE2F775E857}.Debug|ARM.Build.0 = Debug|Any CPU
		{ACCE8762-276A-4945-BC25-AFE2F775E857}.Debug|ARM.Deploy.0 = Debug|Any CPU
		{ACCE8762-276A-4945-BC25-AFE2F775E857}.Debug|iPhone.ActiveCfg = Debug|Any CPU
		{ACCE8762-276A-4945-BC25-AFE2F775E857}.Debug|iPhone.Build.0 = Debug|Any CPU
		{ACCE8762-276A-4945-BC25-AFE2F775E857}.Debug|iPhone.Deploy.0 = Debug|Any CPU
		{ACCE8762-276A-4945-BC25-AFE2F775E857}.Debug|iPhoneSimulator.ActiveCfg = Debug|Any CPU
		{ACCE8762-276A-4945-BC25-AFE2F775E857}.Debug|iPhoneSimulator.Build.0 = Debug|Any CPU
		{ACCE8762-276A-4945-BC25-AFE2F775E857}.Debug|iPhoneSimulator.Deploy.0 = Debug|Any CPU
		{ACCE8762-276A-4945-BC25-AFE2F775E857}.Debug|x64.ActiveCfg = Debug|Any CPU
		{ACCE8762-276A-4945-BC25-AFE2F775E857}.Debug|x64.Build.0 = Debug|Any CPU
		{ACCE8762-276A-4945-BC25-AFE2F775E857}.Debug|x64.Deploy.0 = Debug|Any CPU
		{ACCE8762-276A-4945-BC25-AFE2F775E857}.Debug|x86.ActiveCfg = Debug|Any CPU
		{ACCE8762-276A-4945-BC25-AFE2F775E857}.Debug|x86.Build.0 = Debug|Any CPU
		{ACCE8762-276A-4945-BC25-AFE2F775E857}.Debug|x86.Deploy.0 = Debug|Any CPU
		{ACCE8762-276A-4945-BC25-AFE2F775E857}.Release|Any CPU.ActiveCfg = Release|Any CPU
		{ACCE8762-276A-4945-BC25-AFE2F775E857}.Release|Any CPU.Build.0 = Release|Any CPU
		{ACCE8762-276A-4945-BC25-AFE2F775E857}.Release|Any CPU.Deploy.0 = Release|Any CPU
		{ACCE8762-276A-4945-BC25-AFE2F775E857}.Release|ARM.ActiveCfg = Release|Any CPU
		{ACCE8762-276A-4945-BC25-AFE2F775E857}.Release|ARM.Build.0 = Release|Any CPU
		{ACCE8762-276A-4945-BC25-AFE2F775E857}.Release|ARM.Deploy.0 = Release|Any CPU
		{ACCE8762-276A-4945-BC25-AFE2F775E857}.Release|iPhone.ActiveCfg = Release|Any CPU
		{ACCE8762-276A-4945-BC25-AFE2F775E857}.Release|iPhone.Build.0 = Release|Any CPU
		{ACCE8762-276A-4945-BC25-AFE2F775E857}.Release|iPhone.Deploy.0 = Release|Any CPU
		{ACCE8762-276A-4945-BC25-AFE2F775E857}.Release|iPhoneSimulator.ActiveCfg = Release|Any CPU
		{ACCE8762-276A-4945-BC25-AFE2F775E857}.Release|iPhoneSimulator.Build.0 = Release|Any CPU
		{ACCE8762-276A-4945-BC25-AFE2F775E857}.Release|iPhoneSimulator.Deploy.0 = Release|Any CPU
		{ACCE8762-276A-4945-BC25-AFE2F775E857}.Release|x64.ActiveCfg = Release|Any CPU
		{ACCE8762-276A-4945-BC25-AFE2F775E857}.Release|x64.Build.0 = Release|Any CPU
		{ACCE8762-276A-4945-BC25-AFE2F775E857}.Release|x64.Deploy.0 = Release|Any CPU
		{ACCE8762-276A-4945-BC25-AFE2F775E857}.Release|x86.ActiveCfg = Release|Any CPU
		{ACCE8762-276A-4945-BC25-AFE2F775E857}.Release|x86.Build.0 = Release|Any CPU
		{ACCE8762-276A-4945-BC25-AFE2F775E857}.Release|x86.Deploy.0 = Release|Any CPU
	EndGlobalSection
	GlobalSection(SolutionProperties) = preSolution
		HideSolutionNode = FALSE
	EndGlobalSection
	GlobalSection(ExtensibilityGlobals) = postSolution
		SolutionGuid = {CDD39562-4589-424D-A47B-60A09FE6B445}
	EndGlobalSection
EndGlobal
