
Microsoft Visual Studio Solution File, Format Version 12.00
# Visual Studio Version 16
VisualStudioVersion = 16.0.29306.81
MinimumVisualStudioVersion = 10.0.40219.1
Project("{FAE04EC0-301F-11D3-BF4B-00C04F79EFBC}") = "Images.UWP", "Images\Images.UWP\Images.UWP.csproj", "{6CC1F842-86D1-4F92-B606-652EEAB0505D}"
EndProject
Project("{FAE04EC0-301F-11D3-BF4B-00C04F79EFBC}") = "Images.Android", "Images\Images.Android\Images.Android.csproj", "{D07D0E8E-4577-46B7-A1C0-07216EEF2174}"
EndProject
Project("{FAE04EC0-301F-11D3-BF4B-00C04F79EFBC}") = "Images.iOS", "Images\Images.iOS\Images.iOS.csproj", "{BDC83DE0-612C-41F1-A34D-0EA4FB77F39F}"
EndProject
Project("{FAE04EC0-301F-11D3-BF4B-00C04F79EFBC}") = "Images", "Images\Images\Images.csproj", "{631B71B9-27D0-462F-8035-4539CB76DA83}"
EndProject
Global
	GlobalSection(SolutionConfigurationPlatforms) = preSolution
		Debug|Any CPU = Debug|Any CPU
		Debug|ARM = Debug|ARM
		Debug|iPhone = Debug|iPhone
		Debug|iPhoneSimulator = Debug|iPhoneSimulator
		Debug|x64 = Debug|x64
		Debug|x86 = Debug|x86
		Release|Any CPU = Release|Any CPU
		Release|ARM = Release|ARM
		Release|iPhone = Release|iPhone
		Release|iPhoneSimulator = Release|iPhoneSimulator
		Release|x64 = Release|x64
		Release|x86 = Release|x86
	EndGlobalSection
	GlobalSection(ProjectConfigurationPlatforms) = postSolution
		{6CC1F842-86D1-4F92-B606-652EEAB0505D}.Debug|Any CPU.ActiveCfg = Debug|x86
		{6CC1F842-86D1-4F92-B606-652EEAB0505D}.Debug|Any CPU.Build.0 = Debug|x86
		{6CC1F842-86D1-4F92-B606-652EEAB0505D}.Debug|Any CPU.Deploy.0 = Debug|x86
		{6CC1F842-86D1-4F92-B606-652EEAB0505D}.Debug|ARM.ActiveCfg = Debug|ARM
		{6CC1F842-86D1-4F92-B606-652EEAB0505D}.Debug|ARM.Build.0 = Debug|ARM
		{6CC1F842-86D1-4F92-B606-652EEAB0505D}.Debug|ARM.Deploy.0 = Debug|ARM
		{6CC1F842-86D1-4F92-B606-652EEAB0505D}.Debug|iPhone.ActiveCfg = Debug|x86
		{6CC1F842-86D1-4F92-B606-652EEAB0505D}.Debug|iPhone.Build.0 = Debug|x86
		{6CC1F842-86D1-4F92-B606-652EEAB0505D}.Debug|iPhone.Deploy.0 = Debug|x86
		{6CC1F842-86D1-4F92-B606-652EEAB0505D}.Debug|iPhoneSimulator.ActiveCfg = Debug|x86
		{6CC1F842-86D1-4F92-B606-652EEAB0505D}.Debug|iPhoneSimulator.Build.0 = Debug|x86
		{6CC1F842-86D1-4F92-B606-652EEAB0505D}.Debug|iPhoneSimulator.Deploy.0 = Debug|x86
		{6CC1F842-86D1-4F92-B606-652EEAB0505D}.Debug|x64.ActiveCfg = Debug|x64
		{6CC1F842-86D1-4F92-B606-652EEAB0505D}.Debug|x64.Build.0 = Debug|x64
		{6CC1F842-86D1-4F92-B606-652EEAB0505D}.Debug|x64.Deploy.0 = Debug|x64
		{6CC1F842-86D1-4F92-B606-652EEAB0505D}.Debug|x86.ActiveCfg = Debug|x86
		{6CC1F842-86D1-4F92-B606-652EEAB0505D}.Debug|x86.Build.0 = Debug|x86
		{6CC1F842-86D1-4F92-B606-652EEAB0505D}.Debug|x86.Deploy.0 = Debug|x86
		{6CC1F842-86D1-4F92-B606-652EEAB0505D}.Release|Any CPU.ActiveCfg = Release|x86
		{6CC1F842-86D1-4F92-B606-652EEAB0505D}.Release|Any CPU.Build.0 = Release|x86
		{6CC1F842-86D1-4F92-B606-652EEAB0505D}.Release|Any CPU.Deploy.0 = Release|x86
		{6CC1F842-86D1-4F92-B606-652EEAB0505D}.Release|ARM.ActiveCfg = Release|ARM
		{6CC1F842-86D1-4F92-B606-652EEAB0505D}.Release|ARM.Build.0 = Release|ARM
		{6CC1F842-86D1-4F92-B606-652EEAB0505D}.Release|ARM.Deploy.0 = Release|ARM
		{6CC1F842-86D1-4F92-B606-652EEAB0505D}.Release|iPhone.ActiveCfg = Release|x86
		{6CC1F842-86D1-4F92-B606-652EEAB0505D}.Release|iPhone.Build.0 = Release|x86
		{6CC1F842-86D1-4F92-B606-652EEAB0505D}.Release|iPhone.Deploy.0 = Release|x86
		{6CC1F842-86D1-4F92-B606-652EEAB0505D}.Release|iPhoneSimulator.ActiveCfg = Release|x86
		{6CC1F842-86D1-4F92-B606-652EEAB0505D}.Release|iPhoneSimulator.Build.0 = Release|x86
		{6CC1F842-86D1-4F92-B606-652EEAB0505D}.Release|iPhoneSimulator.Deploy.0 = Release|x86
		{6CC1F842-86D1-4F92-B606-652EEAB0505D}.Release|x64.ActiveCfg = Release|x64
		{6CC1F842-86D1-4F92-B606-652EEAB0505D}.Release|x64.Build.0 = Release|x64
		{6CC1F842-86D1-4F92-B606-652EEAB0505D}.Release|x64.Deploy.0 = Release|x64
		{6CC1F842-86D1-4F92-B606-652EEAB0505D}.Release|x86.ActiveCfg = Release|x86
		{6CC1F842-86D1-4F92-B606-652EEAB0505D}.Release|x86.Build.0 = Release|x86
		{6CC1F842-86D1-4F92-B606-652EEAB0505D}.Release|x86.Deploy.0 = Release|x86
		{D07D0E8E-4577-46B7-A1C0-07216EEF2174}.Debug|Any CPU.ActiveCfg = Debug|Any CPU
		{D07D0E8E-4577-46B7-A1C0-07216EEF2174}.Debug|Any CPU.Build.0 = Debug|Any CPU
		{D07D0E8E-4577-46B7-A1C0-07216EEF2174}.Debug|Any CPU.Deploy.0 = Debug|Any CPU
		{D07D0E8E-4577-46B7-A1C0-07216EEF2174}.Debug|ARM.ActiveCfg = Debug|Any CPU
		{D07D0E8E-4577-46B7-A1C0-07216EEF2174}.Debug|ARM.Build.0 = Debug|Any CPU
		{D07D0E8E-4577-46B7-A1C0-07216EEF2174}.Debug|ARM.Deploy.0 = Debug|Any CPU
		{D07D0E8E-4577-46B7-A1C0-07216EEF2174}.Debug|iPhone.ActiveCfg = Debug|Any CPU
		{D07D0E8E-4577-46B7-A1C0-07216EEF2174}.Debug|iPhone.Build.0 = Debug|Any CPU
		{D07D0E8E-4577-46B7-A1C0-07216EEF2174}.Debug|iPhone.Deploy.0 = Debug|Any CPU
		{D07D0E8E-4577-46B7-A1C0-07216EEF2174}.Debug|iPhoneSimulator.ActiveCfg = Debug|Any CPU
		{D07D0E8E-4577-46B7-A1C0-07216EEF2174}.Debug|iPhoneSimulator.Build.0 = Debug|Any CPU
		{D07D0E8E-4577-46B7-A1C0-07216EEF2174}.Debug|iPhoneSimulator.Deploy.0 = Debug|Any CPU
		{D07D0E8E-4577-46B7-A1C0-07216EEF2174}.Debug|x64.ActiveCfg = Debug|Any CPU
		{D07D0E8E-4577-46B7-A1C0-07216EEF2174}.Debug|x64.Build.0 = Debug|Any CPU
		{D07D0E8E-4577-46B7-A1C0-07216EEF2174}.Debug|x64.Deploy.0 = Debug|Any CPU
		{D07D0E8E-4577-46B7-A1C0-07216EEF2174}.Debug|x86.ActiveCfg = Debug|Any CPU
		{D07D0E8E-4577-46B7-A1C0-07216EEF2174}.Debug|x86.Build.0 = Debug|Any CPU
		{D07D0E8E-4577-46B7-A1C0-07216EEF2174}.Debug|x86.Deploy.0 = Debug|Any CPU
		{D07D0E8E-4577-46B7-A1C0-07216EEF2174}.Release|Any CPU.ActiveCfg = Release|Any CPU
		{D07D0E8E-4577-46B7-A1C0-07216EEF2174}.Release|Any CPU.Build.0 = Release|Any CPU
		{D07D0E8E-4577-46B7-A1C0-07216EEF2174}.Release|Any CPU.Deploy.0 = Release|Any CPU
		{D07D0E8E-4577-46B7-A1C0-07216EEF2174}.Release|ARM.ActiveCfg = Release|Any CPU
		{D07D0E8E-4577-46B7-A1C0-07216EEF2174}.Release|ARM.Build.0 = Release|Any CPU
		{D07D0E8E-4577-46B7-A1C0-07216EEF2174}.Release|ARM.Deploy.0 = Release|Any CPU
		{D07D0E8E-4577-46B7-A1C0-07216EEF2174}.Release|iPhone.ActiveCfg = Release|Any CPU
		{D07D0E8E-4577-46B7-A1C0-07216EEF2174}.Release|iPhone.Build.0 = Release|Any CPU
		{D07D0E8E-4577-46B7-A1C0-07216EEF2174}.Release|iPhone.Deploy.0 = Release|Any CPU
		{D07D0E8E-4577-46B7-A1C0-07216EEF2174}.Release|iPhoneSimulator.ActiveCfg = Release|Any CPU
		{D07D0E8E-4577-46B7-A1C0-07216EEF2174}.Release|iPhoneSimulator.Build.0 = Release|Any CPU
		{D07D0E8E-4577-46B7-A1C0-07216EEF2174}.Release|iPhoneSimulator.Deploy.0 = Release|Any CPU
		{D07D0E8E-4577-46B7-A1C0-07216EEF2174}.Release|x64.ActiveCfg = Release|Any CPU
		{D07D0E8E-4577-46B7-A1C0-07216EEF2174}.Release|x64.Build.0 = Release|Any CPU
		{D07D0E8E-4577-46B7-A1C0-07216EEF2174}.Release|x64.Deploy.0 = Release|Any CPU
		{D07D0E8E-4577-46B7-A1C0-07216EEF2174}.Release|x86.ActiveCfg = Release|Any CPU
		{D07D0E8E-4577-46B7-A1C0-07216EEF2174}.Release|x86.Build.0 = Release|Any CPU
		{D07D0E8E-4577-46B7-A1C0-07216EEF2174}.Release|x86.Deploy.0 = Release|Any CPU
		{BDC83DE0-612C-41F1-A34D-0EA4FB77F39F}.Debug|Any CPU.ActiveCfg = Debug|iPhone
		{BDC83DE0-612C-41F1-A34D-0EA4FB77F39F}.Debug|Any CPU.Build.0 = Debug|iPhone
		{BDC83DE0-612C-41F1-A34D-0EA4FB77F39F}.Debug|Any CPU.Deploy.0 = Debug|iPhone
		{BDC83DE0-612C-41F1-A34D-0EA4FB77F39F}.Debug|ARM.ActiveCfg = Debug|iPhoneSimulator
		{BDC83DE0-612C-41F1-A34D-0EA4FB77F39F}.Debug|ARM.Build.0 = Debug|iPhoneSimulator
		{BDC83DE0-612C-41F1-A34D-0EA4FB77F39F}.Debug|ARM.Deploy.0 = Debug|iPhoneSimulator
		{BDC83DE0-612C-41F1-A34D-0EA4FB77F39F}.Debug|iPhone.ActiveCfg = Debug|iPhone
		{BDC83DE0-612C-41F1-A34D-0EA4FB77F39F}.Debug|iPhone.Build.0 = Debug|iPhone
		{BDC83DE0-612C-41F1-A34D-0EA4FB77F39F}.Debug|iPhone.Deploy.0 = Debug|iPhone
		{BDC83DE0-612C-41F1-A34D-0EA4FB77F39F}.Debug|iPhoneSimulator.ActiveCfg = Debug|iPhoneSimulator
		{BDC83DE0-612C-41F1-A34D-0EA4FB77F39F}.Debug|iPhoneSimulator.Build.0 = Debug|iPhoneSimulator
		{BDC83DE0-612C-41F1-A34D-0EA4FB77F39F}.Debug|iPhoneSimulator.Deploy.0 = Debug|iPhoneSimulator
		{BDC83DE0-612C-41F1-A34D-0EA4FB77F39F}.Debug|x64.ActiveCfg = Debug|iPhone
		{BDC83DE0-612C-41F1-A34D-0EA4FB77F39F}.Debug|x64.Build.0 = Debug|iPhone
		{BDC83DE0-612C-41F1-A34D-0EA4FB77F39F}.Debug|x64.Deploy.0 = Debug|iPhone
		{BDC83DE0-612C-41F1-A34D-0EA4FB77F39F}.Debug|x86.ActiveCfg = Debug|iPhone
		{BDC83DE0-612C-41F1-A34D-0EA4FB77F39F}.Debug|x86.Build.0 = Debug|iPhone
		{BDC83DE0-612C-41F1-A34D-0EA4FB77F39F}.Debug|x86.Deploy.0 = Debug|iPhone
		{BDC83DE0-612C-41F1-A34D-0EA4FB77F39F}.Release|Any CPU.ActiveCfg = Release|iPhone
		{BDC83DE0-612C-41F1-A34D-0EA4FB77F39F}.Release|Any CPU.Build.0 = Release|iPhone
		{BDC83DE0-612C-41F1-A34D-0EA4FB77F39F}.Release|Any CPU.Deploy.0 = Release|iPhone
		{BDC83DE0-612C-41F1-A34D-0EA4FB77F39F}.Release|ARM.ActiveCfg = Release|iPhone
		{BDC83DE0-612C-41F1-A34D-0EA4FB77F39F}.Release|ARM.Build.0 = Release|iPhone
		{BDC83DE0-612C-41F1-A34D-0EA4FB77F39F}.Release|ARM.Deploy.0 = Release|iPhone
		{BDC83DE0-612C-41F1-A34D-0EA4FB77F39F}.Release|iPhone.ActiveCfg = Release|iPhone
		{BDC83DE0-612C-41F1-A34D-0EA4FB77F39F}.Release|iPhone.Build.0 = Release|iPhone
		{BDC83DE0-612C-41F1-A34D-0EA4FB77F39F}.Release|iPhone.Deploy.0 = Release|iPhone
		{BDC83DE0-612C-41F1-A34D-0EA4FB77F39F}.Release|iPhoneSimulator.ActiveCfg = Release|iPhoneSimulator
		{BDC83DE0-612C-41F1-A34D-0EA4FB77F39F}.Release|iPhoneSimulator.Build.0 = Release|iPhoneSimulator
		{BDC83DE0-612C-41F1-A34D-0EA4FB77F39F}.Release|iPhoneSimulator.Deploy.0 = Release|iPhoneSimulator
		{BDC83DE0-612C-41F1-A34D-0EA4FB77F39F}.Release|x64.ActiveCfg = Release|iPhone
		{BDC83DE0-612C-41F1-A34D-0EA4FB77F39F}.Release|x64.Build.0 = Release|iPhone
		{BDC83DE0-612C-41F1-A34D-0EA4FB77F39F}.Release|x64.Deploy.0 = Release|iPhone
		{BDC83DE0-612C-41F1-A34D-0EA4FB77F39F}.Release|x86.ActiveCfg = Release|iPhone
		{BDC83DE0-612C-41F1-A34D-0EA4FB77F39F}.Release|x86.Build.0 = Release|iPhone
		{BDC83DE0-612C-41F1-A34D-0EA4FB77F39F}.Release|x86.Deploy.0 = Release|iPhone
		{631B71B9-27D0-462F-8035-4539CB76DA83}.Debug|Any CPU.ActiveCfg = Debug|Any CPU
		{631B71B9-27D0-462F-8035-4539CB76DA83}.Debug|Any CPU.Build.0 = Debug|Any CPU
		{631B71B9-27D0-462F-8035-4539CB76DA83}.Debug|Any CPU.Deploy.0 = Debug|Any CPU
		{631B71B9-27D0-462F-8035-4539CB76DA83}.Debug|ARM.ActiveCfg = Debug|Any CPU
		{631B71B9-27D0-462F-8035-4539CB76DA83}.Debug|ARM.Build.0 = Debug|Any CPU
		{631B71B9-27D0-462F-8035-4539CB76DA83}.Debug|ARM.Deploy.0 = Debug|Any CPU
		{631B71B9-27D0-462F-8035-4539CB76DA83}.Debug|iPhone.ActiveCfg = Debug|Any CPU
		{631B71B9-27D0-462F-8035-4539CB76DA83}.Debug|iPhone.Build.0 = Debug|Any CPU
		{631B71B9-27D0-462F-8035-4539CB76DA83}.Debug|iPhone.Deploy.0 = Debug|Any CPU
		{631B71B9-27D0-462F-8035-4539CB76DA83}.Debug|iPhoneSimulator.ActiveCfg = Debug|Any CPU
		{631B71B9-27D0-462F-8035-4539CB76DA83}.Debug|iPhoneSimulator.Build.0 = Debug|Any CPU
		{631B71B9-27D0-462F-8035-4539CB76DA83}.Debug|iPhoneSimulator.Deploy.0 = Debug|Any CPU
		{631B71B9-27D0-462F-8035-4539CB76DA83}.Debug|x64.ActiveCfg = Debug|Any CPU
		{631B71B9-27D0-462F-8035-4539CB76DA83}.Debug|x64.Build.0 = Debug|Any CPU
		{631B71B9-27D0-462F-8035-4539CB76DA83}.Debug|x64.Deploy.0 = Debug|Any CPU
		{631B71B9-27D0-462F-8035-4539CB76DA83}.Debug|x86.ActiveCfg = Debug|Any CPU
		{631B71B9-27D0-462F-8035-4539CB76DA83}.Debug|x86.Build.0 = Debug|Any CPU
		{631B71B9-27D0-462F-8035-4539CB76DA83}.Debug|x86.Deploy.0 = Debug|Any CPU
		{631B71B9-27D0-462F-8035-4539CB76DA83}.Release|Any CPU.ActiveCfg = Release|Any CPU
		{631B71B9-27D0-462F-8035-4539CB76DA83}.Release|Any CPU.Build.0 = Release|Any CPU
		{631B71B9-27D0-462F-8035-4539CB76DA83}.Release|Any CPU.Deploy.0 = Release|Any CPU
		{631B71B9-27D0-462F-8035-4539CB76DA83}.Release|ARM.ActiveCfg = Release|Any CPU
		{631B71B9-27D0-462F-8035-4539CB76DA83}.Release|ARM.Build.0 = Release|Any CPU
		{631B71B9-27D0-462F-8035-4539CB76DA83}.Release|ARM.Deploy.0 = Release|Any CPU
		{631B71B9-27D0-462F-8035-4539CB76DA83}.Release|iPhone.ActiveCfg = Release|Any CPU
		{631B71B9-27D0-462F-8035-4539CB76DA83}.Release|iPhone.Build.0 = Release|Any CPU
		{631B71B9-27D0-462F-8035-4539CB76DA83}.Release|iPhone.Deploy.0 = Release|Any CPU
		{631B71B9-27D0-462F-8035-4539CB76DA83}.Release|iPhoneSimulator.ActiveCfg = Release|Any CPU
		{631B71B9-27D0-462F-8035-4539CB76DA83}.Release|iPhoneSimulator.Build.0 = Release|Any CPU
		{631B71B9-27D0-462F-8035-4539CB76DA83}.Release|iPhoneSimulator.Deploy.0 = Release|Any CPU
		{631B71B9-27D0-462F-8035-4539CB76DA83}.Release|x64.ActiveCfg = Release|Any CPU
		{631B71B9-27D0-462F-8035-4539CB76DA83}.Release|x64.Build.0 = Release|Any CPU
		{631B71B9-27D0-462F-8035-4539CB76DA83}.Release|x64.Deploy.0 = Release|Any CPU
		{631B71B9-27D0-462F-8035-4539CB76DA83}.Release|x86.ActiveCfg = Release|Any CPU
		{631B71B9-27D0-462F-8035-4539CB76DA83}.Release|x86.Build.0 = Release|Any CPU
		{631B71B9-27D0-462F-8035-4539CB76DA83}.Release|x86.Deploy.0 = Release|Any CPU
	EndGlobalSection
	GlobalSection(SolutionProperties) = preSolution
		HideSolutionNode = FALSE
	EndGlobalSection
	GlobalSection(ExtensibilityGlobals) = postSolution
		SolutionGuid = {CE70E5DF-665E-4EEB-9471-4DC8798D5E50}
	EndGlobalSection
EndGlobal
