
Microsoft Visual Studio Solution File, Format Version 12.00
# Visual Studio Version 16
VisualStudioVersion = 16.0.29326.143
MinimumVisualStudioVersion = 10.0.40219.1
Project("{FAE04EC0-301F-11D3-BF4B-00C04F79EFBC}") = "CarouselWithXAML.UWP", "CarouselWithXAML\CarouselWithXAML.UWP\CarouselWithXAML.UWP.csproj", "{E988F7E5-65D6-4D38-BA34-314CA7EE4D0A}"
EndProject
Project("{FAE04EC0-301F-11D3-BF4B-00C04F79EFBC}") = "CarouselWithXAML.Android", "CarouselWithXAML\CarouselWithXAML.Android\CarouselWithXAML.Android.csproj", "{31643835-5574-4467-942A-D5F3A62E012D}"
EndProject
Project("{FAE04EC0-301F-11D3-BF4B-00C04F79EFBC}") = "CarouselWithXAML.iOS", "CarouselWithXAML\CarouselWithXAML.iOS\CarouselWithXAML.iOS.csproj", "{B4913793-4A44-4E1E-93E0-EB6AF0C7A512}"
EndProject
Project("{FAE04EC0-301F-11D3-BF4B-00C04F79EFBC}") = "CarouselWithXAML", "CarouselWithXAML\CarouselWithXAML\CarouselWithXAML.csproj", "{3486E6E8-10D9-4C7D-B06E-7D003BB3C34B}"
EndProject
Global
	GlobalSection(SolutionConfigurationPlatforms) = preSolution
		Debug|Any CPU = Debug|Any CPU
		Debug|ARM = Debug|ARM
		Debug|iPhone = Debug|iPhone
		Debug|iPhoneSimulator = Debug|iPhoneSimulator
		Debug|x64 = Debug|x64
		Debug|x86 = Debug|x86
		Release|Any CPU = Release|Any CPU
		Release|ARM = Release|ARM
		Release|iPhone = Release|iPhone
		Release|iPhoneSimulator = Release|iPhoneSimulator
		Release|x64 = Release|x64
		Release|x86 = Release|x86
	EndGlobalSection
	GlobalSection(ProjectConfigurationPlatforms) = postSolution
		{E988F7E5-65D6-4D38-BA34-314CA7EE4D0A}.Debug|Any CPU.ActiveCfg = Debug|x86
		{E988F7E5-65D6-4D38-BA34-314CA7EE4D0A}.Debug|Any CPU.Build.0 = Debug|x86
		{E988F7E5-65D6-4D38-BA34-314CA7EE4D0A}.Debug|Any CPU.Deploy.0 = Debug|x86
		{E988F7E5-65D6-4D38-BA34-314CA7EE4D0A}.Debug|ARM.ActiveCfg = Debug|ARM
		{E988F7E5-65D6-4D38-BA34-314CA7EE4D0A}.Debug|ARM.Build.0 = Debug|ARM
		{E988F7E5-65D6-4D38-BA34-314CA7EE4D0A}.Debug|ARM.Deploy.0 = Debug|ARM
		{E988F7E5-65D6-4D38-BA34-314CA7EE4D0A}.Debug|iPhone.ActiveCfg = Debug|x86
		{E988F7E5-65D6-4D38-BA34-314CA7EE4D0A}.Debug|iPhone.Build.0 = Debug|x86
		{E988F7E5-65D6-4D38-BA34-314CA7EE4D0A}.Debug|iPhone.Deploy.0 = Debug|x86
		{E988F7E5-65D6-4D38-BA34-314CA7EE4D0A}.Debug|iPhoneSimulator.ActiveCfg = Debug|x86
		{E988F7E5-65D6-4D38-BA34-314CA7EE4D0A}.Debug|iPhoneSimulator.Build.0 = Debug|x86
		{E988F7E5-65D6-4D38-BA34-314CA7EE4D0A}.Debug|iPhoneSimulator.Deploy.0 = Debug|x86
		{E988F7E5-65D6-4D38-BA34-314CA7EE4D0A}.Debug|x64.ActiveCfg = Debug|x64
		{E988F7E5-65D6-4D38-BA34-314CA7EE4D0A}.Debug|x64.Build.0 = Debug|x64
		{E988F7E5-65D6-4D38-BA34-314CA7EE4D0A}.Debug|x64.Deploy.0 = Debug|x64
		{E988F7E5-65D6-4D38-BA34-314CA7EE4D0A}.Debug|x86.ActiveCfg = Debug|x86
		{E988F7E5-65D6-4D38-BA34-314CA7EE4D0A}.Debug|x86.Build.0 = Debug|x86
		{E988F7E5-65D6-4D38-BA34-314CA7EE4D0A}.Debug|x86.Deploy.0 = Debug|x86
		{E988F7E5-65D6-4D38-BA34-314CA7EE4D0A}.Release|Any CPU.ActiveCfg = Release|x86
		{E988F7E5-65D6-4D38-BA34-314CA7EE4D0A}.Release|Any CPU.Build.0 = Release|x86
		{E988F7E5-65D6-4D38-BA34-314CA7EE4D0A}.Release|Any CPU.Deploy.0 = Release|x86
		{E988F7E5-65D6-4D38-BA34-314CA7EE4D0A}.Release|ARM.ActiveCfg = Release|ARM
		{E988F7E5-65D6-4D38-BA34-314CA7EE4D0A}.Release|ARM.Build.0 = Release|ARM
		{E988F7E5-65D6-4D38-BA34-314CA7EE4D0A}.Release|ARM.Deploy.0 = Release|ARM
		{E988F7E5-65D6-4D38-BA34-314CA7EE4D0A}.Release|iPhone.ActiveCfg = Release|x86
		{E988F7E5-65D6-4D38-BA34-314CA7EE4D0A}.Release|iPhone.Build.0 = Release|x86
		{E988F7E5-65D6-4D38-BA34-314CA7EE4D0A}.Release|iPhone.Deploy.0 = Release|x86
		{E988F7E5-65D6-4D38-BA34-314CA7EE4D0A}.Release|iPhoneSimulator.ActiveCfg = Release|x86
		{E988F7E5-65D6-4D38-BA34-314CA7EE4D0A}.Release|iPhoneSimulator.Build.0 = Release|x86
		{E988F7E5-65D6-4D38-BA34-314CA7EE4D0A}.Release|iPhoneSimulator.Deploy.0 = Release|x86
		{E988F7E5-65D6-4D38-BA34-314CA7EE4D0A}.Release|x64.ActiveCfg = Release|x64
		{E988F7E5-65D6-4D38-BA34-314CA7EE4D0A}.Release|x64.Build.0 = Release|x64
		{E988F7E5-65D6-4D38-BA34-314CA7EE4D0A}.Release|x64.Deploy.0 = Release|x64
		{E988F7E5-65D6-4D38-BA34-314CA7EE4D0A}.Release|x86.ActiveCfg = Release|x86
		{E988F7E5-65D6-4D38-BA34-314CA7EE4D0A}.Release|x86.Build.0 = Release|x86
		{E988F7E5-65D6-4D38-BA34-314CA7EE4D0A}.Release|x86.Deploy.0 = Release|x86
		{31643835-5574-4467-942A-D5F3A62E012D}.Debug|Any CPU.ActiveCfg = Debug|Any CPU
		{31643835-5574-4467-942A-D5F3A62E012D}.Debug|Any CPU.Build.0 = Debug|Any CPU
		{31643835-5574-4467-942A-D5F3A62E012D}.Debug|Any CPU.Deploy.0 = Debug|Any CPU
		{31643835-5574-4467-942A-D5F3A62E012D}.Debug|ARM.ActiveCfg = Debug|Any CPU
		{31643835-5574-4467-942A-D5F3A62E012D}.Debug|ARM.Build.0 = Debug|Any CPU
		{31643835-5574-4467-942A-D5F3A62E012D}.Debug|ARM.Deploy.0 = Debug|Any CPU
		{31643835-5574-4467-942A-D5F3A62E012D}.Debug|iPhone.ActiveCfg = Debug|Any CPU
		{31643835-5574-4467-942A-D5F3A62E012D}.Debug|iPhone.Build.0 = Debug|Any CPU
		{31643835-5574-4467-942A-D5F3A62E012D}.Debug|iPhone.Deploy.0 = Debug|Any CPU
		{31643835-5574-4467-942A-D5F3A62E012D}.Debug|iPhoneSimulator.ActiveCfg = Debug|Any CPU
		{31643835-5574-4467-942A-D5F3A62E012D}.Debug|iPhoneSimulator.Build.0 = Debug|Any CPU
		{31643835-5574-4467-942A-D5F3A62E012D}.Debug|iPhoneSimulator.Deploy.0 = Debug|Any CPU
		{31643835-5574-4467-942A-D5F3A62E012D}.Debug|x64.ActiveCfg = Debug|Any CPU
		{31643835-5574-4467-942A-D5F3A62E012D}.Debug|x64.Build.0 = Debug|Any CPU
		{31643835-5574-4467-942A-D5F3A62E012D}.Debug|x64.Deploy.0 = Debug|Any CPU
		{31643835-5574-4467-942A-D5F3A62E012D}.Debug|x86.ActiveCfg = Debug|Any CPU
		{31643835-5574-4467-942A-D5F3A62E012D}.Debug|x86.Build.0 = Debug|Any CPU
		{31643835-5574-4467-942A-D5F3A62E012D}.Debug|x86.Deploy.0 = Debug|Any CPU
		{31643835-5574-4467-942A-D5F3A62E012D}.Release|Any CPU.ActiveCfg = Release|Any CPU
		{31643835-5574-4467-942A-D5F3A62E012D}.Release|Any CPU.Build.0 = Release|Any CPU
		{31643835-5574-4467-942A-D5F3A62E012D}.Release|Any CPU.Deploy.0 = Release|Any CPU
		{31643835-5574-4467-942A-D5F3A62E012D}.Release|ARM.ActiveCfg = Release|Any CPU
		{31643835-5574-4467-942A-D5F3A62E012D}.Release|ARM.Build.0 = Release|Any CPU
		{31643835-5574-4467-942A-D5F3A62E012D}.Release|ARM.Deploy.0 = Release|Any CPU
		{31643835-5574-4467-942A-D5F3A62E012D}.Release|iPhone.ActiveCfg = Release|Any CPU
		{31643835-5574-4467-942A-D5F3A62E012D}.Release|iPhone.Build.0 = Release|Any CPU
		{31643835-5574-4467-942A-D5F3A62E012D}.Release|iPhone.Deploy.0 = Release|Any CPU
		{31643835-5574-4467-942A-D5F3A62E012D}.Release|iPhoneSimulator.ActiveCfg = Release|Any CPU
		{31643835-5574-4467-942A-D5F3A62E012D}.Release|iPhoneSimulator.Build.0 = Release|Any CPU
		{31643835-5574-4467-942A-D5F3A62E012D}.Release|iPhoneSimulator.Deploy.0 = Release|Any CPU
		{31643835-5574-4467-942A-D5F3A62E012D}.Release|x64.ActiveCfg = Release|Any CPU
		{31643835-5574-4467-942A-D5F3A62E012D}.Release|x64.Build.0 = Release|Any CPU
		{31643835-5574-4467-942A-D5F3A62E012D}.Release|x64.Deploy.0 = Release|Any CPU
		{31643835-5574-4467-942A-D5F3A62E012D}.Release|x86.ActiveCfg = Release|Any CPU
		{31643835-5574-4467-942A-D5F3A62E012D}.Release|x86.Build.0 = Release|Any CPU
		{31643835-5574-4467-942A-D5F3A62E012D}.Release|x86.Deploy.0 = Release|Any CPU
		{B4913793-4A44-4E1E-93E0-EB6AF0C7A512}.Debug|Any CPU.ActiveCfg = Debug|iPhone
		{B4913793-4A44-4E1E-93E0-EB6AF0C7A512}.Debug|Any CPU.Build.0 = Debug|iPhone
		{B4913793-4A44-4E1E-93E0-EB6AF0C7A512}.Debug|Any CPU.Deploy.0 = Debug|iPhone
		{B4913793-4A44-4E1E-93E0-EB6AF0C7A512}.Debug|ARM.ActiveCfg = Debug|iPhoneSimulator
		{B4913793-4A44-4E1E-93E0-EB6AF0C7A512}.Debug|ARM.Build.0 = Debug|iPhoneSimulator
		{B4913793-4A44-4E1E-93E0-EB6AF0C7A512}.Debug|ARM.Deploy.0 = Debug|iPhoneSimulator
		{B4913793-4A44-4E1E-93E0-EB6AF0C7A512}.Debug|iPhone.ActiveCfg = Debug|iPhone
		{B4913793-4A44-4E1E-93E0-EB6AF0C7A512}.Debug|iPhone.Build.0 = Debug|iPhone
		{B4913793-4A44-4E1E-93E0-EB6AF0C7A512}.Debug|iPhone.Deploy.0 = Debug|iPhone
		{B4913793-4A44-4E1E-93E0-EB6AF0C7A512}.Debug|iPhoneSimulator.ActiveCfg = Debug|iPhoneSimulator
		{B4913793-4A44-4E1E-93E0-EB6AF0C7A512}.Debug|iPhoneSimulator.Build.0 = Debug|iPhoneSimulator
		{B4913793-4A44-4E1E-93E0-EB6AF0C7A512}.Debug|iPhoneSimulator.Deploy.0 = Debug|iPhoneSimulator
		{B4913793-4A44-4E1E-93E0-EB6AF0C7A512}.Debug|x64.ActiveCfg = Debug|iPhone
		{B4913793-4A44-4E1E-93E0-EB6AF0C7A512}.Debug|x64.Build.0 = Debug|iPhone
		{B4913793-4A44-4E1E-93E0-EB6AF0C7A512}.Debug|x64.Deploy.0 = Debug|iPhone
		{B4913793-4A44-4E1E-93E0-EB6AF0C7A512}.Debug|x86.ActiveCfg = Debug|iPhone
		{B4913793-4A44-4E1E-93E0-EB6AF0C7A512}.Debug|x86.Build.0 = Debug|iPhone
		{B4913793-4A44-4E1E-93E0-EB6AF0C7A512}.Debug|x86.Deploy.0 = Debug|iPhone
		{B4913793-4A44-4E1E-93E0-EB6AF0C7A512}.Release|Any CPU.ActiveCfg = Release|iPhone
		{B4913793-4A44-4E1E-93E0-EB6AF0C7A512}.Release|Any CPU.Build.0 = Release|iPhone
		{B4913793-4A44-4E1E-93E0-EB6AF0C7A512}.Release|Any CPU.Deploy.0 = Release|iPhone
		{B4913793-4A44-4E1E-93E0-EB6AF0C7A512}.Release|ARM.ActiveCfg = Release|iPhone
		{B4913793-4A44-4E1E-93E0-EB6AF0C7A512}.Release|ARM.Build.0 = Release|iPhone
		{B4913793-4A44-4E1E-93E0-EB6AF0C7A512}.Release|ARM.Deploy.0 = Release|iPhone
		{B4913793-4A44-4E1E-93E0-EB6AF0C7A512}.Release|iPhone.ActiveCfg = Release|iPhone
		{B4913793-4A44-4E1E-93E0-EB6AF0C7A512}.Release|iPhone.Build.0 = Release|iPhone
		{B4913793-4A44-4E1E-93E0-EB6AF0C7A512}.Release|iPhone.Deploy.0 = Release|iPhone
		{B4913793-4A44-4E1E-93E0-EB6AF0C7A512}.Release|iPhoneSimulator.ActiveCfg = Release|iPhoneSimulator
		{B4913793-4A44-4E1E-93E0-EB6AF0C7A512}.Release|iPhoneSimulator.Build.0 = Release|iPhoneSimulator
		{B4913793-4A44-4E1E-93E0-EB6AF0C7A512}.Release|iPhoneSimulator.Deploy.0 = Release|iPhoneSimulator
		{B4913793-4A44-4E1E-93E0-EB6AF0C7A512}.Release|x64.ActiveCfg = Release|iPhone
		{B4913793-4A44-4E1E-93E0-EB6AF0C7A512}.Release|x64.Build.0 = Release|iPhone
		{B4913793-4A44-4E1E-93E0-EB6AF0C7A512}.Release|x64.Deploy.0 = Release|iPhone
		{B4913793-4A44-4E1E-93E0-EB6AF0C7A512}.Release|x86.ActiveCfg = Release|iPhone
		{B4913793-4A44-4E1E-93E0-EB6AF0C7A512}.Release|x86.Build.0 = Release|iPhone
		{B4913793-4A44-4E1E-93E0-EB6AF0C7A512}.Release|x86.Deploy.0 = Release|iPhone
		{3486E6E8-10D9-4C7D-B06E-7D003BB3C34B}.Debug|Any CPU.ActiveCfg = Debug|Any CPU
		{3486E6E8-10D9-4C7D-B06E-7D003BB3C34B}.Debug|Any CPU.Build.0 = Debug|Any CPU
		{3486E6E8-10D9-4C7D-B06E-7D003BB3C34B}.Debug|Any CPU.Deploy.0 = Debug|Any CPU
		{3486E6E8-10D9-4C7D-B06E-7D003BB3C34B}.Debug|ARM.ActiveCfg = Debug|Any CPU
		{3486E6E8-10D9-4C7D-B06E-7D003BB3C34B}.Debug|ARM.Build.0 = Debug|Any CPU
		{3486E6E8-10D9-4C7D-B06E-7D003BB3C34B}.Debug|ARM.Deploy.0 = Debug|Any CPU
		{3486E6E8-10D9-4C7D-B06E-7D003BB3C34B}.Debug|iPhone.ActiveCfg = Debug|Any CPU
		{3486E6E8-10D9-4C7D-B06E-7D003BB3C34B}.Debug|iPhone.Build.0 = Debug|Any CPU
		{3486E6E8-10D9-4C7D-B06E-7D003BB3C34B}.Debug|iPhone.Deploy.0 = Debug|Any CPU
		{3486E6E8-10D9-4C7D-B06E-7D003BB3C34B}.Debug|iPhoneSimulator.ActiveCfg = Debug|Any CPU
		{3486E6E8-10D9-4C7D-B06E-7D003BB3C34B}.Debug|iPhoneSimulator.Build.0 = Debug|Any CPU
		{3486E6E8-10D9-4C7D-B06E-7D003BB3C34B}.Debug|iPhoneSimulator.Deploy.0 = Debug|Any CPU
		{3486E6E8-10D9-4C7D-B06E-7D003BB3C34B}.Debug|x64.ActiveCfg = Debug|Any CPU
		{3486E6E8-10D9-4C7D-B06E-7D003BB3C34B}.Debug|x64.Build.0 = Debug|Any CPU
		{3486E6E8-10D9-4C7D-B06E-7D003BB3C34B}.Debug|x64.Deploy.0 = Debug|Any CPU
		{3486E6E8-10D9-4C7D-B06E-7D003BB3C34B}.Debug|x86.ActiveCfg = Debug|Any CPU
		{3486E6E8-10D9-4C7D-B06E-7D003BB3C34B}.Debug|x86.Build.0 = Debug|Any CPU
		{3486E6E8-10D9-4C7D-B06E-7D003BB3C34B}.Debug|x86.Deploy.0 = Debug|Any CPU
		{3486E6E8-10D9-4C7D-B06E-7D003BB3C34B}.Release|Any CPU.ActiveCfg = Release|Any CPU
		{3486E6E8-10D9-4C7D-B06E-7D003BB3C34B}.Release|Any CPU.Build.0 = Release|Any CPU
		{3486E6E8-10D9-4C7D-B06E-7D003BB3C34B}.Release|Any CPU.Deploy.0 = Release|Any CPU
		{3486E6E8-10D9-4C7D-B06E-7D003BB3C34B}.Release|ARM.ActiveCfg = Release|Any CPU
		{3486E6E8-10D9-4C7D-B06E-7D003BB3C34B}.Release|ARM.Build.0 = Release|Any CPU
		{3486E6E8-10D9-4C7D-B06E-7D003BB3C34B}.Release|ARM.Deploy.0 = Release|Any CPU
		{3486E6E8-10D9-4C7D-B06E-7D003BB3C34B}.Release|iPhone.ActiveCfg = Release|Any CPU
		{3486E6E8-10D9-4C7D-B06E-7D003BB3C34B}.Release|iPhone.Build.0 = Release|Any CPU
		{3486E6E8-10D9-4C7D-B06E-7D003BB3C34B}.Release|iPhone.Deploy.0 = Release|Any CPU
		{3486E6E8-10D9-4C7D-B06E-7D003BB3C34B}.Release|iPhoneSimulator.ActiveCfg = Release|Any CPU
		{3486E6E8-10D9-4C7D-B06E-7D003BB3C34B}.Release|iPhoneSimulator.Build.0 = Release|Any CPU
		{3486E6E8-10D9-4C7D-B06E-7D003BB3C34B}.Release|iPhoneSimulator.Deploy.0 = Release|Any CPU
		{3486E6E8-10D9-4C7D-B06E-7D003BB3C34B}.Release|x64.ActiveCfg = Release|Any CPU
		{3486E6E8-10D9-4C7D-B06E-7D003BB3C34B}.Release|x64.Build.0 = Release|Any CPU
		{3486E6E8-10D9-4C7D-B06E-7D003BB3C34B}.Release|x64.Deploy.0 = Release|Any CPU
		{3486E6E8-10D9-4C7D-B06E-7D003BB3C34B}.Release|x86.ActiveCfg = Release|Any CPU
		{3486E6E8-10D9-4C7D-B06E-7D003BB3C34B}.Release|x86.Build.0 = Release|Any CPU
		{3486E6E8-10D9-4C7D-B06E-7D003BB3C34B}.Release|x86.Deploy.0 = Release|Any CPU
	EndGlobalSection
	GlobalSection(SolutionProperties) = preSolution
		HideSolutionNode = FALSE
	EndGlobalSection
	GlobalSection(ExtensibilityGlobals) = postSolution
		SolutionGuid = {25BB5B6D-B41A-41F5-A5C6-F4630D42FF8F}
	EndGlobalSection
EndGlobal
