
Microsoft Visual Studio Solution File, Format Version 12.00
# Visual Studio Version 17
VisualStudioVersion = 17.3.32819.101
MinimumVisualStudioVersion = 10.0.40219.1
Project("{FAE04EC0-301F-11D3-BF4B-00C04F79EFBC}") = "AsynchronousIOGui.UWP", "AsynchronousIOGui\AsynchronousIOGui.UWP\AsynchronousIOGui.UWP.csproj", "{D2A8A925-87E9-4608-BBB7-CADB6D591BBD}"
EndProject
Project("{FAE04EC0-301F-11D3-BF4B-00C04F79EFBC}") = "AsynchronousIOGui.Android", "AsynchronousIOGui\AsynchronousIOGui.Android\AsynchronousIOGui.Android.csproj", "{A0A3A12A-4E0E-4806-8EB3-08917C9DE338}"
EndProject
Project("{FAE04EC0-301F-11D3-BF4B-00C04F79EFBC}") = "AsynchronousIOGui.iOS", "AsynchronousIOGui\AsynchronousIOGui.iOS\AsynchronousIOGui.iOS.csproj", "{43461FD0-C080-46BE-BA50-55D0C9299DF7}"
EndProject
Project("{FAE04EC0-301F-11D3-BF4B-00C04F79EFBC}") = "AsynchronousIOGui", "AsynchronousIOGui\AsynchronousIOGui\AsynchronousIOGui.csproj", "{5AEC98DB-3856-437F-9A77-FB772FAD579A}"
EndProject
Global
	GlobalSection(SolutionConfigurationPlatforms) = preSolution
		Debug|Any CPU = Debug|Any CPU
		Debug|ARM = Debug|ARM
		Debug|iPhone = Debug|iPhone
		Debug|iPhoneSimulator = Debug|iPhoneSimulator
		Debug|x64 = Debug|x64
		Debug|x86 = Debug|x86
		Release|Any CPU = Release|Any CPU
		Release|ARM = Release|ARM
		Release|iPhone = Release|iPhone
		Release|iPhoneSimulator = Release|iPhoneSimulator
		Release|x64 = Release|x64
		Release|x86 = Release|x86
	EndGlobalSection
	GlobalSection(ProjectConfigurationPlatforms) = postSolution
		{D2A8A925-87E9-4608-BBB7-CADB6D591BBD}.Debug|Any CPU.ActiveCfg = Debug|x64
		{D2A8A925-87E9-4608-BBB7-CADB6D591BBD}.Debug|Any CPU.Build.0 = Debug|x64
		{D2A8A925-87E9-4608-BBB7-CADB6D591BBD}.Debug|Any CPU.Deploy.0 = Debug|x64
		{D2A8A925-87E9-4608-BBB7-CADB6D591BBD}.Debug|ARM.ActiveCfg = Debug|ARM
		{D2A8A925-87E9-4608-BBB7-CADB6D591BBD}.Debug|ARM.Build.0 = Debug|ARM
		{D2A8A925-87E9-4608-BBB7-CADB6D591BBD}.Debug|ARM.Deploy.0 = Debug|ARM
		{D2A8A925-87E9-4608-BBB7-CADB6D591BBD}.Debug|iPhone.ActiveCfg = Debug|x64
		{D2A8A925-87E9-4608-BBB7-CADB6D591BBD}.Debug|iPhone.Build.0 = Debug|x64
		{D2A8A925-87E9-4608-BBB7-CADB6D591BBD}.Debug|iPhone.Deploy.0 = Debug|x64
		{D2A8A925-87E9-4608-BBB7-CADB6D591BBD}.Debug|iPhoneSimulator.ActiveCfg = Debug|x64
		{D2A8A925-87E9-4608-BBB7-CADB6D591BBD}.Debug|iPhoneSimulator.Build.0 = Debug|x64
		{D2A8A925-87E9-4608-BBB7-CADB6D591BBD}.Debug|iPhoneSimulator.Deploy.0 = Debug|x64
		{D2A8A925-87E9-4608-BBB7-CADB6D591BBD}.Debug|x64.ActiveCfg = Debug|x64
		{D2A8A925-87E9-4608-BBB7-CADB6D591BBD}.Debug|x64.Build.0 = Debug|x64
		{D2A8A925-87E9-4608-BBB7-CADB6D591BBD}.Debug|x64.Deploy.0 = Debug|x64
		{D2A8A925-87E9-4608-BBB7-CADB6D591BBD}.Debug|x86.ActiveCfg = Debug|x86
		{D2A8A925-87E9-4608-BBB7-CADB6D591BBD}.Debug|x86.Build.0 = Debug|x86
		{D2A8A925-87E9-4608-BBB7-CADB6D591BBD}.Debug|x86.Deploy.0 = Debug|x86
		{D2A8A925-87E9-4608-BBB7-CADB6D591BBD}.Release|Any CPU.ActiveCfg = Release|x64
		{D2A8A925-87E9-4608-BBB7-CADB6D591BBD}.Release|Any CPU.Build.0 = Release|x64
		{D2A8A925-87E9-4608-BBB7-CADB6D591BBD}.Release|Any CPU.Deploy.0 = Release|x64
		{D2A8A925-87E9-4608-BBB7-CADB6D591BBD}.Release|ARM.ActiveCfg = Release|ARM
		{D2A8A925-87E9-4608-BBB7-CADB6D591BBD}.Release|ARM.Build.0 = Release|ARM
		{D2A8A925-87E9-4608-BBB7-CADB6D591BBD}.Release|ARM.Deploy.0 = Release|ARM
		{D2A8A925-87E9-4608-BBB7-CADB6D591BBD}.Release|iPhone.ActiveCfg = Release|x64
		{D2A8A925-87E9-4608-BBB7-CADB6D591BBD}.Release|iPhone.Build.0 = Release|x64
		{D2A8A925-87E9-4608-BBB7-CADB6D591BBD}.Release|iPhone.Deploy.0 = Release|x64
		{D2A8A925-87E9-4608-BBB7-CADB6D591BBD}.Release|iPhoneSimulator.ActiveCfg = Release|x64
		{D2A8A925-87E9-4608-BBB7-CADB6D591BBD}.Release|iPhoneSimulator.Build.0 = Release|x64
		{D2A8A925-87E9-4608-BBB7-CADB6D591BBD}.Release|iPhoneSimulator.Deploy.0 = Release|x64
		{D2A8A925-87E9-4608-BBB7-CADB6D591BBD}.Release|x64.ActiveCfg = Release|x64
		{D2A8A925-87E9-4608-BBB7-CADB6D591BBD}.Release|x64.Build.0 = Release|x64
		{D2A8A925-87E9-4608-BBB7-CADB6D591BBD}.Release|x64.Deploy.0 = Release|x64
		{D2A8A925-87E9-4608-BBB7-CADB6D591BBD}.Release|x86.ActiveCfg = Release|x86
		{D2A8A925-87E9-4608-BBB7-CADB6D591BBD}.Release|x86.Build.0 = Release|x86
		{D2A8A925-87E9-4608-BBB7-CADB6D591BBD}.Release|x86.Deploy.0 = Release|x86
		{A0A3A12A-4E0E-4806-8EB3-08917C9DE338}.Debug|Any CPU.ActiveCfg = Debug|Any CPU
		{A0A3A12A-4E0E-4806-8EB3-08917C9DE338}.Debug|Any CPU.Build.0 = Debug|Any CPU
		{A0A3A12A-4E0E-4806-8EB3-08917C9DE338}.Debug|Any CPU.Deploy.0 = Debug|Any CPU
		{A0A3A12A-4E0E-4806-8EB3-08917C9DE338}.Debug|ARM.ActiveCfg = Debug|Any CPU
		{A0A3A12A-4E0E-4806-8EB3-08917C9DE338}.Debug|ARM.Build.0 = Debug|Any CPU
		{A0A3A12A-4E0E-4806-8EB3-08917C9DE338}.Debug|ARM.Deploy.0 = Debug|Any CPU
		{A0A3A12A-4E0E-4806-8EB3-08917C9DE338}.Debug|iPhone.ActiveCfg = Debug|Any CPU
		{A0A3A12A-4E0E-4806-8EB3-08917C9DE338}.Debug|iPhone.Build.0 = Debug|Any CPU
		{A0A3A12A-4E0E-4806-8EB3-08917C9DE338}.Debug|iPhone.Deploy.0 = Debug|Any CPU
		{A0A3A12A-4E0E-4806-8EB3-08917C9DE338}.Debug|iPhoneSimulator.ActiveCfg = Debug|Any CPU
		{A0A3A12A-4E0E-4806-8EB3-08917C9DE338}.Debug|iPhoneSimulator.Build.0 = Debug|Any CPU
		{A0A3A12A-4E0E-4806-8EB3-08917C9DE338}.Debug|iPhoneSimulator.Deploy.0 = Debug|Any CPU
		{A0A3A12A-4E0E-4806-8EB3-08917C9DE338}.Debug|x64.ActiveCfg = Debug|Any CPU
		{A0A3A12A-4E0E-4806-8EB3-08917C9DE338}.Debug|x64.Build.0 = Debug|Any CPU
		{A0A3A12A-4E0E-4806-8EB3-08917C9DE338}.Debug|x64.Deploy.0 = Debug|Any CPU
		{A0A3A12A-4E0E-4806-8EB3-08917C9DE338}.Debug|x86.ActiveCfg = Debug|Any CPU
		{A0A3A12A-4E0E-4806-8EB3-08917C9DE338}.Debug|x86.Build.0 = Debug|Any CPU
		{A0A3A12A-4E0E-4806-8EB3-08917C9DE338}.Debug|x86.Deploy.0 = Debug|Any CPU
		{A0A3A12A-4E0E-4806-8EB3-08917C9DE338}.Release|Any CPU.ActiveCfg = Release|Any CPU
		{A0A3A12A-4E0E-4806-8EB3-08917C9DE338}.Release|Any CPU.Build.0 = Release|Any CPU
		{A0A3A12A-4E0E-4806-8EB3-08917C9DE338}.Release|Any CPU.Deploy.0 = Release|Any CPU
		{A0A3A12A-4E0E-4806-8EB3-08917C9DE338}.Release|ARM.ActiveCfg = Release|Any CPU
		{A0A3A12A-4E0E-4806-8EB3-08917C9DE338}.Release|ARM.Build.0 = Release|Any CPU
		{A0A3A12A-4E0E-4806-8EB3-08917C9DE338}.Release|ARM.Deploy.0 = Release|Any CPU
		{A0A3A12A-4E0E-4806-8EB3-08917C9DE338}.Release|iPhone.ActiveCfg = Release|Any CPU
		{A0A3A12A-4E0E-4806-8EB3-08917C9DE338}.Release|iPhone.Build.0 = Release|Any CPU
		{A0A3A12A-4E0E-4806-8EB3-08917C9DE338}.Release|iPhone.Deploy.0 = Release|Any CPU
		{A0A3A12A-4E0E-4806-8EB3-08917C9DE338}.Release|iPhoneSimulator.ActiveCfg = Release|Any CPU
		{A0A3A12A-4E0E-4806-8EB3-08917C9DE338}.Release|iPhoneSimulator.Build.0 = Release|Any CPU
		{A0A3A12A-4E0E-4806-8EB3-08917C9DE338}.Release|iPhoneSimulator.Deploy.0 = Release|Any CPU
		{A0A3A12A-4E0E-4806-8EB3-08917C9DE338}.Release|x64.ActiveCfg = Release|Any CPU
		{A0A3A12A-4E0E-4806-8EB3-08917C9DE338}.Release|x64.Build.0 = Release|Any CPU
		{A0A3A12A-4E0E-4806-8EB3-08917C9DE338}.Release|x64.Deploy.0 = Release|Any CPU
		{A0A3A12A-4E0E-4806-8EB3-08917C9DE338}.Release|x86.ActiveCfg = Release|Any CPU
		{A0A3A12A-4E0E-4806-8EB3-08917C9DE338}.Release|x86.Build.0 = Release|Any CPU
		{A0A3A12A-4E0E-4806-8EB3-08917C9DE338}.Release|x86.Deploy.0 = Release|Any CPU
		{43461FD0-C080-46BE-BA50-55D0C9299DF7}.Debug|Any CPU.ActiveCfg = Debug|iPhoneSimulator
		{43461FD0-C080-46BE-BA50-55D0C9299DF7}.Debug|Any CPU.Build.0 = Debug|iPhoneSimulator
		{43461FD0-C080-46BE-BA50-55D0C9299DF7}.Debug|Any CPU.Deploy.0 = Debug|iPhoneSimulator
		{43461FD0-C080-46BE-BA50-55D0C9299DF7}.Debug|ARM.ActiveCfg = Debug|iPhoneSimulator
		{43461FD0-C080-46BE-BA50-55D0C9299DF7}.Debug|ARM.Build.0 = Debug|iPhoneSimulator
		{43461FD0-C080-46BE-BA50-55D0C9299DF7}.Debug|ARM.Deploy.0 = Debug|iPhoneSimulator
		{43461FD0-C080-46BE-BA50-55D0C9299DF7}.Debug|iPhone.ActiveCfg = Debug|iPhone
		{43461FD0-C080-46BE-BA50-55D0C9299DF7}.Debug|iPhone.Build.0 = Debug|iPhone
		{43461FD0-C080-46BE-BA50-55D0C9299DF7}.Debug|iPhone.Deploy.0 = Debug|iPhone
		{43461FD0-C080-46BE-BA50-55D0C9299DF7}.Debug|iPhoneSimulator.ActiveCfg = Debug|iPhoneSimulator
		{43461FD0-C080-46BE-BA50-55D0C9299DF7}.Debug|iPhoneSimulator.Build.0 = Debug|iPhoneSimulator
		{43461FD0-C080-46BE-BA50-55D0C9299DF7}.Debug|iPhoneSimulator.Deploy.0 = Debug|iPhoneSimulator
		{43461FD0-C080-46BE-BA50-55D0C9299DF7}.Debug|x64.ActiveCfg = Debug|iPhone
		{43461FD0-C080-46BE-BA50-55D0C9299DF7}.Debug|x64.Build.0 = Debug|iPhone
		{43461FD0-C080-46BE-BA50-55D0C9299DF7}.Debug|x64.Deploy.0 = Debug|iPhone
		{43461FD0-C080-46BE-BA50-55D0C9299DF7}.Debug|x86.ActiveCfg = Debug|iPhoneSimulator
		{43461FD0-C080-46BE-BA50-55D0C9299DF7}.Debug|x86.Build.0 = Debug|iPhoneSimulator
		{43461FD0-C080-46BE-BA50-55D0C9299DF7}.Debug|x86.Deploy.0 = Debug|iPhoneSimulator
		{43461FD0-C080-46BE-BA50-55D0C9299DF7}.Release|Any CPU.ActiveCfg = Release|iPhoneSimulator
		{43461FD0-C080-46BE-BA50-55D0C9299DF7}.Release|Any CPU.Build.0 = Release|iPhoneSimulator
		{43461FD0-C080-46BE-BA50-55D0C9299DF7}.Release|Any CPU.Deploy.0 = Release|iPhoneSimulator
		{43461FD0-C080-46BE-BA50-55D0C9299DF7}.Release|ARM.ActiveCfg = Release|iPhoneSimulator
		{43461FD0-C080-46BE-BA50-55D0C9299DF7}.Release|ARM.Build.0 = Release|iPhoneSimulator
		{43461FD0-C080-46BE-BA50-55D0C9299DF7}.Release|ARM.Deploy.0 = Release|iPhoneSimulator
		{43461FD0-C080-46BE-BA50-55D0C9299DF7}.Release|iPhone.ActiveCfg = Release|iPhone
		{43461FD0-C080-46BE-BA50-55D0C9299DF7}.Release|iPhone.Build.0 = Release|iPhone
		{43461FD0-C080-46BE-BA50-55D0C9299DF7}.Release|iPhone.Deploy.0 = Release|iPhone
		{43461FD0-C080-46BE-BA50-55D0C9299DF7}.Release|iPhoneSimulator.ActiveCfg = Release|iPhoneSimulator
		{43461FD0-C080-46BE-BA50-55D0C9299DF7}.Release|iPhoneSimulator.Build.0 = Release|iPhoneSimulator
		{43461FD0-C080-46BE-BA50-55D0C9299DF7}.Release|iPhoneSimulator.Deploy.0 = Release|iPhoneSimulator
		{43461FD0-C080-46BE-BA50-55D0C9299DF7}.Release|x64.ActiveCfg = Release|iPhoneSimulator
		{43461FD0-C080-46BE-BA50-55D0C9299DF7}.Release|x64.Build.0 = Release|iPhoneSimulator
		{43461FD0-C080-46BE-BA50-55D0C9299DF7}.Release|x64.Deploy.0 = Release|iPhoneSimulator
		{43461FD0-C080-46BE-BA50-55D0C9299DF7}.Release|x86.ActiveCfg = Release|iPhoneSimulator
		{43461FD0-C080-46BE-BA50-55D0C9299DF7}.Release|x86.Build.0 = Release|iPhoneSimulator
		{43461FD0-C080-46BE-BA50-55D0C9299DF7}.Release|x86.Deploy.0 = Release|iPhoneSimulator
		{5AEC98DB-3856-437F-9A77-FB772FAD579A}.Debug|Any CPU.ActiveCfg = Debug|Any CPU
		{5AEC98DB-3856-437F-9A77-FB772FAD579A}.Debug|Any CPU.Build.0 = Debug|Any CPU
		{5AEC98DB-3856-437F-9A77-FB772FAD579A}.Debug|Any CPU.Deploy.0 = Debug|Any CPU
		{5AEC98DB-3856-437F-9A77-FB772FAD579A}.Debug|ARM.ActiveCfg = Debug|Any CPU
		{5AEC98DB-3856-437F-9A77-FB772FAD579A}.Debug|ARM.Build.0 = Debug|Any CPU
		{5AEC98DB-3856-437F-9A77-FB772FAD579A}.Debug|ARM.Deploy.0 = Debug|Any CPU
		{5AEC98DB-3856-437F-9A77-FB772FAD579A}.Debug|iPhone.ActiveCfg = Debug|Any CPU
		{5AEC98DB-3856-437F-9A77-FB772FAD579A}.Debug|iPhone.Build.0 = Debug|Any CPU
		{5AEC98DB-3856-437F-9A77-FB772FAD579A}.Debug|iPhone.Deploy.0 = Debug|Any CPU
		{5AEC98DB-3856-437F-9A77-FB772FAD579A}.Debug|iPhoneSimulator.ActiveCfg = Debug|Any CPU
		{5AEC98DB-3856-437F-9A77-FB772FAD579A}.Debug|iPhoneSimulator.Build.0 = Debug|Any CPU
		{5AEC98DB-3856-437F-9A77-FB772FAD579A}.Debug|iPhoneSimulator.Deploy.0 = Debug|Any CPU
		{5AEC98DB-3856-437F-9A77-FB772FAD579A}.Debug|x64.ActiveCfg = Debug|Any CPU
		{5AEC98DB-3856-437F-9A77-FB772FAD579A}.Debug|x64.Build.0 = Debug|Any CPU
		{5AEC98DB-3856-437F-9A77-FB772FAD579A}.Debug|x64.Deploy.0 = Debug|Any CPU
		{5AEC98DB-3856-437F-9A77-FB772FAD579A}.Debug|x86.ActiveCfg = Debug|Any CPU
		{5AEC98DB-3856-437F-9A77-FB772FAD579A}.Debug|x86.Build.0 = Debug|Any CPU
		{5AEC98DB-3856-437F-9A77-FB772FAD579A}.Debug|x86.Deploy.0 = Debug|Any CPU
		{5AEC98DB-3856-437F-9A77-FB772FAD579A}.Release|Any CPU.ActiveCfg = Release|Any CPU
		{5AEC98DB-3856-437F-9A77-FB772FAD579A}.Release|Any CPU.Build.0 = Release|Any CPU
		{5AEC98DB-3856-437F-9A77-FB772FAD579A}.Release|Any CPU.Deploy.0 = Release|Any CPU
		{5AEC98DB-3856-437F-9A77-FB772FAD579A}.Release|ARM.ActiveCfg = Release|Any CPU
		{5AEC98DB-3856-437F-9A77-FB772FAD579A}.Release|ARM.Build.0 = Release|Any CPU
		{5AEC98DB-3856-437F-9A77-FB772FAD579A}.Release|ARM.Deploy.0 = Release|Any CPU
		{5AEC98DB-3856-437F-9A77-FB772FAD579A}.Release|iPhone.ActiveCfg = Release|Any CPU
		{5AEC98DB-3856-437F-9A77-FB772FAD579A}.Release|iPhone.Build.0 = Release|Any CPU
		{5AEC98DB-3856-437F-9A77-FB772FAD579A}.Release|iPhone.Deploy.0 = Release|Any CPU
		{5AEC98DB-3856-437F-9A77-FB772FAD579A}.Release|iPhoneSimulator.ActiveCfg = Release|Any CPU
		{5AEC98DB-3856-437F-9A77-FB772FAD579A}.Release|iPhoneSimulator.Build.0 = Release|Any CPU
		{5AEC98DB-3856-437F-9A77-FB772FAD579A}.Release|iPhoneSimulator.Deploy.0 = Release|Any CPU
		{5AEC98DB-3856-437F-9A77-FB772FAD579A}.Release|x64.ActiveCfg = Release|Any CPU
		{5AEC98DB-3856-437F-9A77-FB772FAD579A}.Release|x64.Build.0 = Release|Any CPU
		{5AEC98DB-3856-437F-9A77-FB772FAD579A}.Release|x64.Deploy.0 = Release|Any CPU
		{5AEC98DB-3856-437F-9A77-FB772FAD579A}.Release|x86.ActiveCfg = Release|Any CPU
		{5AEC98DB-3856-437F-9A77-FB772FAD579A}.Release|x86.Build.0 = Release|Any CPU
		{5AEC98DB-3856-437F-9A77-FB772FAD579A}.Release|x86.Deploy.0 = Release|Any CPU
	EndGlobalSection
	GlobalSection(SolutionProperties) = preSolution
		HideSolutionNode = FALSE
	EndGlobalSection
	GlobalSection(ExtensibilityGlobals) = postSolution
		SolutionGuid = {C53397E0-BB7B-4EAD-98E8-D1311DE742BF}
	EndGlobalSection
EndGlobal
