
Microsoft Visual Studio Solution File, Format Version 12.00
# Visual Studio Version 17
VisualStudioVersion = 17.3.32929.385
MinimumVisualStudioVersion = 10.0.40219.1
Project("{FAE04EC0-301F-11D3-BF4B-00C04F79EFBC}") = "MVVM.UWP", "MVVM\MVVM.UWP\MVVM.UWP.csproj", "{7C138E86-1750-432D-9278-9C7726E1871C}"
EndProject
Project("{FAE04EC0-301F-11D3-BF4B-00C04F79EFBC}") = "MVVM.Android", "MVVM\MVVM.Android\MVVM.Android.csproj", "{7B514482-CEB2-47E4-8CA8-922AC573314D}"
EndProject
Project("{FAE04EC0-301F-11D3-BF4B-00C04F79EFBC}") = "MVVM.iOS", "MVVM\MVVM.iOS\MVVM.iOS.csproj", "{EB267C04-BEEF-4215-B09F-901F7C869922}"
EndProject
Project("{FAE04EC0-301F-11D3-BF4B-00C04F79EFBC}") = "MVVM", "MVVM\MVVM\MVVM.csproj", "{2ED8A221-EF78-4827-A581-3BFAE8E4155E}"
EndProject
Global
	GlobalSection(SolutionConfigurationPlatforms) = preSolution
		Debug|Any CPU = Debug|Any CPU
		Debug|ARM = Debug|ARM
		Debug|iPhone = Debug|iPhone
		Debug|iPhoneSimulator = Debug|iPhoneSimulator
		Debug|x64 = Debug|x64
		Debug|x86 = Debug|x86
		Release|Any CPU = Release|Any CPU
		Release|ARM = Release|ARM
		Release|iPhone = Release|iPhone
		Release|iPhoneSimulator = Release|iPhoneSimulator
		Release|x64 = Release|x64
		Release|x86 = Release|x86
	EndGlobalSection
	GlobalSection(ProjectConfigurationPlatforms) = postSolution
		{7C138E86-1750-432D-9278-9C7726E1871C}.Debug|Any CPU.ActiveCfg = Debug|x64
		{7C138E86-1750-432D-9278-9C7726E1871C}.Debug|Any CPU.Build.0 = Debug|x64
		{7C138E86-1750-432D-9278-9C7726E1871C}.Debug|Any CPU.Deploy.0 = Debug|x64
		{7C138E86-1750-432D-9278-9C7726E1871C}.Debug|ARM.ActiveCfg = Debug|ARM
		{7C138E86-1750-432D-9278-9C7726E1871C}.Debug|ARM.Build.0 = Debug|ARM
		{7C138E86-1750-432D-9278-9C7726E1871C}.Debug|ARM.Deploy.0 = Debug|ARM
		{7C138E86-1750-432D-9278-9C7726E1871C}.Debug|iPhone.ActiveCfg = Debug|x64
		{7C138E86-1750-432D-9278-9C7726E1871C}.Debug|iPhone.Build.0 = Debug|x64
		{7C138E86-1750-432D-9278-9C7726E1871C}.Debug|iPhone.Deploy.0 = Debug|x64
		{7C138E86-1750-432D-9278-9C7726E1871C}.Debug|iPhoneSimulator.ActiveCfg = Debug|x64
		{7C138E86-1750-432D-9278-9C7726E1871C}.Debug|iPhoneSimulator.Build.0 = Debug|x64
		{7C138E86-1750-432D-9278-9C7726E1871C}.Debug|iPhoneSimulator.Deploy.0 = Debug|x64
		{7C138E86-1750-432D-9278-9C7726E1871C}.Debug|x64.ActiveCfg = Debug|x64
		{7C138E86-1750-432D-9278-9C7726E1871C}.Debug|x64.Build.0 = Debug|x64
		{7C138E86-1750-432D-9278-9C7726E1871C}.Debug|x64.Deploy.0 = Debug|x64
		{7C138E86-1750-432D-9278-9C7726E1871C}.Debug|x86.ActiveCfg = Debug|x86
		{7C138E86-1750-432D-9278-9C7726E1871C}.Debug|x86.Build.0 = Debug|x86
		{7C138E86-1750-432D-9278-9C7726E1871C}.Debug|x86.Deploy.0 = Debug|x86
		{7C138E86-1750-432D-9278-9C7726E1871C}.Release|Any CPU.ActiveCfg = Release|x64
		{7C138E86-1750-432D-9278-9C7726E1871C}.Release|Any CPU.Build.0 = Release|x64
		{7C138E86-1750-432D-9278-9C7726E1871C}.Release|Any CPU.Deploy.0 = Release|x64
		{7C138E86-1750-432D-9278-9C7726E1871C}.Release|ARM.ActiveCfg = Release|ARM
		{7C138E86-1750-432D-9278-9C7726E1871C}.Release|ARM.Build.0 = Release|ARM
		{7C138E86-1750-432D-9278-9C7726E1871C}.Release|ARM.Deploy.0 = Release|ARM
		{7C138E86-1750-432D-9278-9C7726E1871C}.Release|iPhone.ActiveCfg = Release|x64
		{7C138E86-1750-432D-9278-9C7726E1871C}.Release|iPhone.Build.0 = Release|x64
		{7C138E86-1750-432D-9278-9C7726E1871C}.Release|iPhone.Deploy.0 = Release|x64
		{7C138E86-1750-432D-9278-9C7726E1871C}.Release|iPhoneSimulator.ActiveCfg = Release|x64
		{7C138E86-1750-432D-9278-9C7726E1871C}.Release|iPhoneSimulator.Build.0 = Release|x64
		{7C138E86-1750-432D-9278-9C7726E1871C}.Release|iPhoneSimulator.Deploy.0 = Release|x64
		{7C138E86-1750-432D-9278-9C7726E1871C}.Release|x64.ActiveCfg = Release|x64
		{7C138E86-1750-432D-9278-9C7726E1871C}.Release|x64.Build.0 = Release|x64
		{7C138E86-1750-432D-9278-9C7726E1871C}.Release|x64.Deploy.0 = Release|x64
		{7C138E86-1750-432D-9278-9C7726E1871C}.Release|x86.ActiveCfg = Release|x86
		{7C138E86-1750-432D-9278-9C7726E1871C}.Release|x86.Build.0 = Release|x86
		{7C138E86-1750-432D-9278-9C7726E1871C}.Release|x86.Deploy.0 = Release|x86
		{7B514482-CEB2-47E4-8CA8-922AC573314D}.Debug|Any CPU.ActiveCfg = Debug|Any CPU
		{7B514482-CEB2-47E4-8CA8-922AC573314D}.Debug|Any CPU.Build.0 = Debug|Any CPU
		{7B514482-CEB2-47E4-8CA8-922AC573314D}.Debug|Any CPU.Deploy.0 = Debug|Any CPU
		{7B514482-CEB2-47E4-8CA8-922AC573314D}.Debug|ARM.ActiveCfg = Debug|Any CPU
		{7B514482-CEB2-47E4-8CA8-922AC573314D}.Debug|ARM.Build.0 = Debug|Any CPU
		{7B514482-CEB2-47E4-8CA8-922AC573314D}.Debug|ARM.Deploy.0 = Debug|Any CPU
		{7B514482-CEB2-47E4-8CA8-922AC573314D}.Debug|iPhone.ActiveCfg = Debug|Any CPU
		{7B514482-CEB2-47E4-8CA8-922AC573314D}.Debug|iPhone.Build.0 = Debug|Any CPU
		{7B514482-CEB2-47E4-8CA8-922AC573314D}.Debug|iPhone.Deploy.0 = Debug|Any CPU
		{7B514482-CEB2-47E4-8CA8-922AC573314D}.Debug|iPhoneSimulator.ActiveCfg = Debug|Any CPU
		{7B514482-CEB2-47E4-8CA8-922AC573314D}.Debug|iPhoneSimulator.Build.0 = Debug|Any CPU
		{7B514482-CEB2-47E4-8CA8-922AC573314D}.Debug|iPhoneSimulator.Deploy.0 = Debug|Any CPU
		{7B514482-CEB2-47E4-8CA8-922AC573314D}.Debug|x64.ActiveCfg = Debug|Any CPU
		{7B514482-CEB2-47E4-8CA8-922AC573314D}.Debug|x64.Build.0 = Debug|Any CPU
		{7B514482-CEB2-47E4-8CA8-922AC573314D}.Debug|x64.Deploy.0 = Debug|Any CPU
		{7B514482-CEB2-47E4-8CA8-922AC573314D}.Debug|x86.ActiveCfg = Debug|Any CPU
		{7B514482-CEB2-47E4-8CA8-922AC573314D}.Debug|x86.Build.0 = Debug|Any CPU
		{7B514482-CEB2-47E4-8CA8-922AC573314D}.Debug|x86.Deploy.0 = Debug|Any CPU
		{7B514482-CEB2-47E4-8CA8-922AC573314D}.Release|Any CPU.ActiveCfg = Release|Any CPU
		{7B514482-CEB2-47E4-8CA8-922AC573314D}.Release|Any CPU.Build.0 = Release|Any CPU
		{7B514482-CEB2-47E4-8CA8-922AC573314D}.Release|Any CPU.Deploy.0 = Release|Any CPU
		{7B514482-CEB2-47E4-8CA8-922AC573314D}.Release|ARM.ActiveCfg = Release|Any CPU
		{7B514482-CEB2-47E4-8CA8-922AC573314D}.Release|ARM.Build.0 = Release|Any CPU
		{7B514482-CEB2-47E4-8CA8-922AC573314D}.Release|ARM.Deploy.0 = Release|Any CPU
		{7B514482-CEB2-47E4-8CA8-922AC573314D}.Release|iPhone.ActiveCfg = Release|Any CPU
		{7B514482-CEB2-47E4-8CA8-922AC573314D}.Release|iPhone.Build.0 = Release|Any CPU
		{7B514482-CEB2-47E4-8CA8-922AC573314D}.Release|iPhone.Deploy.0 = Release|Any CPU
		{7B514482-CEB2-47E4-8CA8-922AC573314D}.Release|iPhoneSimulator.ActiveCfg = Release|Any CPU
		{7B514482-CEB2-47E4-8CA8-922AC573314D}.Release|iPhoneSimulator.Build.0 = Release|Any CPU
		{7B514482-CEB2-47E4-8CA8-922AC573314D}.Release|iPhoneSimulator.Deploy.0 = Release|Any CPU
		{7B514482-CEB2-47E4-8CA8-922AC573314D}.Release|x64.ActiveCfg = Release|Any CPU
		{7B514482-CEB2-47E4-8CA8-922AC573314D}.Release|x64.Build.0 = Release|Any CPU
		{7B514482-CEB2-47E4-8CA8-922AC573314D}.Release|x64.Deploy.0 = Release|Any CPU
		{7B514482-CEB2-47E4-8CA8-922AC573314D}.Release|x86.ActiveCfg = Release|Any CPU
		{7B514482-CEB2-47E4-8CA8-922AC573314D}.Release|x86.Build.0 = Release|Any CPU
		{7B514482-CEB2-47E4-8CA8-922AC573314D}.Release|x86.Deploy.0 = Release|Any CPU
		{EB267C04-BEEF-4215-B09F-901F7C869922}.Debug|Any CPU.ActiveCfg = Debug|iPhoneSimulator
		{EB267C04-BEEF-4215-B09F-901F7C869922}.Debug|Any CPU.Build.0 = Debug|iPhoneSimulator
		{EB267C04-BEEF-4215-B09F-901F7C869922}.Debug|Any CPU.Deploy.0 = Debug|iPhoneSimulator
		{EB267C04-BEEF-4215-B09F-901F7C869922}.Debug|ARM.ActiveCfg = Debug|iPhoneSimulator
		{EB267C04-BEEF-4215-B09F-901F7C869922}.Debug|ARM.Build.0 = Debug|iPhoneSimulator
		{EB267C04-BEEF-4215-B09F-901F7C869922}.Debug|ARM.Deploy.0 = Debug|iPhoneSimulator
		{EB267C04-BEEF-4215-B09F-901F7C869922}.Debug|iPhone.ActiveCfg = Debug|iPhone
		{EB267C04-BEEF-4215-B09F-901F7C869922}.Debug|iPhone.Build.0 = Debug|iPhone
		{EB267C04-BEEF-4215-B09F-901F7C869922}.Debug|iPhone.Deploy.0 = Debug|iPhone
		{EB267C04-BEEF-4215-B09F-901F7C869922}.Debug|iPhoneSimulator.ActiveCfg = Debug|iPhoneSimulator
		{EB267C04-BEEF-4215-B09F-901F7C869922}.Debug|iPhoneSimulator.Build.0 = Debug|iPhoneSimulator
		{EB267C04-BEEF-4215-B09F-901F7C869922}.Debug|iPhoneSimulator.Deploy.0 = Debug|iPhoneSimulator
		{EB267C04-BEEF-4215-B09F-901F7C869922}.Debug|x64.ActiveCfg = Debug|iPhone
		{EB267C04-BEEF-4215-B09F-901F7C869922}.Debug|x64.Build.0 = Debug|iPhone
		{EB267C04-BEEF-4215-B09F-901F7C869922}.Debug|x64.Deploy.0 = Debug|iPhone
		{EB267C04-BEEF-4215-B09F-901F7C869922}.Debug|x86.ActiveCfg = Debug|iPhoneSimulator
		{EB267C04-BEEF-4215-B09F-901F7C869922}.Debug|x86.Build.0 = Debug|iPhoneSimulator
		{EB267C04-BEEF-4215-B09F-901F7C869922}.Debug|x86.Deploy.0 = Debug|iPhoneSimulator
		{EB267C04-BEEF-4215-B09F-901F7C869922}.Release|Any CPU.ActiveCfg = Release|iPhoneSimulator
		{EB267C04-BEEF-4215-B09F-901F7C869922}.Release|Any CPU.Build.0 = Release|iPhoneSimulator
		{EB267C04-BEEF-4215-B09F-901F7C869922}.Release|Any CPU.Deploy.0 = Release|iPhoneSimulator
		{EB267C04-BEEF-4215-B09F-901F7C869922}.Release|ARM.ActiveCfg = Release|iPhoneSimulator
		{EB267C04-BEEF-4215-B09F-901F7C869922}.Release|ARM.Build.0 = Release|iPhoneSimulator
		{EB267C04-BEEF-4215-B09F-901F7C869922}.Release|ARM.Deploy.0 = Release|iPhoneSimulator
		{EB267C04-BEEF-4215-B09F-901F7C869922}.Release|iPhone.ActiveCfg = Release|iPhone
		{EB267C04-BEEF-4215-B09F-901F7C869922}.Release|iPhone.Build.0 = Release|iPhone
		{EB267C04-BEEF-4215-B09F-901F7C869922}.Release|iPhone.Deploy.0 = Release|iPhone
		{EB267C04-BEEF-4215-B09F-901F7C869922}.Release|iPhoneSimulator.ActiveCfg = Release|iPhoneSimulator
		{EB267C04-BEEF-4215-B09F-901F7C869922}.Release|iPhoneSimulator.Build.0 = Release|iPhoneSimulator
		{EB267C04-BEEF-4215-B09F-901F7C869922}.Release|iPhoneSimulator.Deploy.0 = Release|iPhoneSimulator
		{EB267C04-BEEF-4215-B09F-901F7C869922}.Release|x64.ActiveCfg = Release|iPhoneSimulator
		{EB267C04-BEEF-4215-B09F-901F7C869922}.Release|x64.Build.0 = Release|iPhoneSimulator
		{EB267C04-BEEF-4215-B09F-901F7C869922}.Release|x64.Deploy.0 = Release|iPhoneSimulator
		{EB267C04-BEEF-4215-B09F-901F7C869922}.Release|x86.ActiveCfg = Release|iPhoneSimulator
		{EB267C04-BEEF-4215-B09F-901F7C869922}.Release|x86.Build.0 = Release|iPhoneSimulator
		{EB267C04-BEEF-4215-B09F-901F7C869922}.Release|x86.Deploy.0 = Release|iPhoneSimulator
		{2ED8A221-EF78-4827-A581-3BFAE8E4155E}.Debug|Any CPU.ActiveCfg = Debug|Any CPU
		{2ED8A221-EF78-4827-A581-3BFAE8E4155E}.Debug|Any CPU.Build.0 = Debug|Any CPU
		{2ED8A221-EF78-4827-A581-3BFAE8E4155E}.Debug|Any CPU.Deploy.0 = Debug|Any CPU
		{2ED8A221-EF78-4827-A581-3BFAE8E4155E}.Debug|ARM.ActiveCfg = Debug|Any CPU
		{2ED8A221-EF78-4827-A581-3BFAE8E4155E}.Debug|ARM.Build.0 = Debug|Any CPU
		{2ED8A221-EF78-4827-A581-3BFAE8E4155E}.Debug|ARM.Deploy.0 = Debug|Any CPU
		{2ED8A221-EF78-4827-A581-3BFAE8E4155E}.Debug|iPhone.ActiveCfg = Debug|Any CPU
		{2ED8A221-EF78-4827-A581-3BFAE8E4155E}.Debug|iPhone.Build.0 = Debug|Any CPU
		{2ED8A221-EF78-4827-A581-3BFAE8E4155E}.Debug|iPhone.Deploy.0 = Debug|Any CPU
		{2ED8A221-EF78-4827-A581-3BFAE8E4155E}.Debug|iPhoneSimulator.ActiveCfg = Debug|Any CPU
		{2ED8A221-EF78-4827-A581-3BFAE8E4155E}.Debug|iPhoneSimulator.Build.0 = Debug|Any CPU
		{2ED8A221-EF78-4827-A581-3BFAE8E4155E}.Debug|iPhoneSimulator.Deploy.0 = Debug|Any CPU
		{2ED8A221-EF78-4827-A581-3BFAE8E4155E}.Debug|x64.ActiveCfg = Debug|Any CPU
		{2ED8A221-EF78-4827-A581-3BFAE8E4155E}.Debug|x64.Build.0 = Debug|Any CPU
		{2ED8A221-EF78-4827-A581-3BFAE8E4155E}.Debug|x64.Deploy.0 = Debug|Any CPU
		{2ED8A221-EF78-4827-A581-3BFAE8E4155E}.Debug|x86.ActiveCfg = Debug|Any CPU
		{2ED8A221-EF78-4827-A581-3BFAE8E4155E}.Debug|x86.Build.0 = Debug|Any CPU
		{2ED8A221-EF78-4827-A581-3BFAE8E4155E}.Debug|x86.Deploy.0 = Debug|Any CPU
		{2ED8A221-EF78-4827-A581-3BFAE8E4155E}.Release|Any CPU.ActiveCfg = Release|Any CPU
		{2ED8A221-EF78-4827-A581-3BFAE8E4155E}.Release|Any CPU.Build.0 = Release|Any CPU
		{2ED8A221-EF78-4827-A581-3BFAE8E4155E}.Release|Any CPU.Deploy.0 = Release|Any CPU
		{2ED8A221-EF78-4827-A581-3BFAE8E4155E}.Release|ARM.ActiveCfg = Release|Any CPU
		{2ED8A221-EF78-4827-A581-3BFAE8E4155E}.Release|ARM.Build.0 = Release|Any CPU
		{2ED8A221-EF78-4827-A581-3BFAE8E4155E}.Release|ARM.Deploy.0 = Release|Any CPU
		{2ED8A221-EF78-4827-A581-3BFAE8E4155E}.Release|iPhone.ActiveCfg = Release|Any CPU
		{2ED8A221-EF78-4827-A581-3BFAE8E4155E}.Release|iPhone.Build.0 = Release|Any CPU
		{2ED8A221-EF78-4827-A581-3BFAE8E4155E}.Release|iPhone.Deploy.0 = Release|Any CPU
		{2ED8A221-EF78-4827-A581-3BFAE8E4155E}.Release|iPhoneSimulator.ActiveCfg = Release|Any CPU
		{2ED8A221-EF78-4827-A581-3BFAE8E4155E}.Release|iPhoneSimulator.Build.0 = Release|Any CPU
		{2ED8A221-EF78-4827-A581-3BFAE8E4155E}.Release|iPhoneSimulator.Deploy.0 = Release|Any CPU
		{2ED8A221-EF78-4827-A581-3BFAE8E4155E}.Release|x64.ActiveCfg = Release|Any CPU
		{2ED8A221-EF78-4827-A581-3BFAE8E4155E}.Release|x64.Build.0 = Release|Any CPU
		{2ED8A221-EF78-4827-A581-3BFAE8E4155E}.Release|x64.Deploy.0 = Release|Any CPU
		{2ED8A221-EF78-4827-A581-3BFAE8E4155E}.Release|x86.ActiveCfg = Release|Any CPU
		{2ED8A221-EF78-4827-A581-3BFAE8E4155E}.Release|x86.Build.0 = Release|Any CPU
		{2ED8A221-EF78-4827-A581-3BFAE8E4155E}.Release|x86.Deploy.0 = Release|Any CPU
	EndGlobalSection
	GlobalSection(SolutionProperties) = preSolution
		HideSolutionNode = FALSE
	EndGlobalSection
	GlobalSection(ExtensibilityGlobals) = postSolution
		SolutionGuid = {2BA42D5D-67F1-4A88-822A-751308F4A438}
	EndGlobalSection
EndGlobal
